
Microsoft Visual Studio Solution File, Format Version 12.00
# Visual Studio Version 16
VisualStudioVersion = 16.0.29911.98
MinimumVisualStudioVersion = 10.0.40219.1
Project("{9A19103F-16F7-4668-BE54-9A1E7A4F7556}") = "I2CScanner", "I2CScanner.csproj", "{A60E8C7D-B828-4753-941F-F47E8857D54D}"
EndProject
Global
	GlobalSection(SolutionConfigurationPlatforms) = preSolution
		Debug|Any CPU = Debug|Any CPU
		Release|Any CPU = Release|Any CPU
	EndGlobalSection
	GlobalSection(ProjectConfigurationPlatforms) = postSolution
		{A60E8C7D-B828-4753-941F-F47E8857D54D}.Debug|Any CPU.ActiveCfg = Debug|Any CPU
		{A60E8C7D-B828-4753-941F-F47E8857D54D}.Debug|Any CPU.Build.0 = Debug|Any CPU
		{A60E8C7D-B828-4753-941F-F47E8857D54D}.Release|Any CPU.ActiveCfg = Release|Any CPU
		{A60E8C7D-B828-4753-941F-F47E8857D54D}.Release|Any CPU.Build.0 = Release|Any CPU
	EndGlobalSection
	GlobalSection(SolutionProperties) = preSolution
		HideSolutionNode = FALSE
	EndGlobalSection
	GlobalSection(ExtensibilityGlobals) = postSolution
		SolutionGuid = {EFB95AF5-13F5-43F7-B774-BD58BC193016}
	EndGlobalSection
EndGlobal
