
Microsoft Visual Studio Solution File, Format Version 12.00
# Visual Studio Version 17
VisualStudioVersion = 17.2.32210.308
MinimumVisualStudioVersion = 10.0.40219.1
Project("{9A19103F-16F7-4668-BE54-9A1E7A4F7556}") = "CoreComputeBreakout", "CoreComputeBreakout.csproj", "{02AAE99A-2DBA-4708-A89F-0B4B4BB345B7}"
EndProject
Project("{9A19103F-16F7-4668-BE54-9A1E7A4F7556}") = "Meadow.F7", "..\..\..\..\..\Meadow.Core\source\Meadow.F7\Meadow.F7.csproj", "{6C48A755-200E-4387-8232-C223C3AE97DA}"
EndProject
Project("{9A19103F-16F7-4668-BE54-9A1E7A4F7556}") = "Meadow.Core", "..\..\..\..\..\Meadow.Core\source\Meadow.Core\Meadow.Core.csproj", "{33296879-B586-4F83-82C7-E64700310CDF}"
EndProject
Project("{9A19103F-16F7-4668-BE54-9A1E7A4F7556}") = "Meadow.Contracts", "..\..\..\..\..\Meadow.Contracts\Source\Meadow.Contracts\Meadow.Contracts.csproj", "{7A6963F1-0A7C-4378-93C1-7B926A70EA47}"
EndProject
Project("{9A19103F-16F7-4668-BE54-9A1E7A4F7556}") = "Meadow.Units", "..\..\..\..\..\Meadow.Units\Source\Meadow.Units\Meadow.Units.csproj", "{B97FE568-BA46-43D4-AC99-5E70314B900F}"
EndProject
Project("{9A19103F-16F7-4668-BE54-9A1E7A4F7556}") = "Meadow.Foundation.Core", "..\..\..\..\..\Meadow.Foundation\Source\Meadow.Foundation.Core\Meadow.Foundation.Core.csproj", "{7AF3031D-9CA2-4ED7-9ED1-D79794134C4F}"
EndProject
Project("{9A19103F-16F7-4668-BE54-9A1E7A4F7556}") = "Sensors.Light.Tsl2591", "..\..\..\..\..\Meadow.Foundation\Source\Meadow.Foundation.Peripherals\Sensors.Light.Tsl2591\Driver\Sensors.Light.Tsl2591\Sensors.Light.Tsl2591.csproj", "{7D285071-D706-4371-B395-EEBF6CC4618F}"
EndProject
Global
	GlobalSection(SolutionConfigurationPlatforms) = preSolution
		Debug|Any CPU = Debug|Any CPU
		Release|Any CPU = Release|Any CPU
	EndGlobalSection
	GlobalSection(ProjectConfigurationPlatforms) = postSolution
		{02AAE99A-2DBA-4708-A89F-0B4B4BB345B7}.Debug|Any CPU.ActiveCfg = Debug|Any CPU
		{02AAE99A-2DBA-4708-A89F-0B4B4BB345B7}.Debug|Any CPU.Build.0 = Debug|Any CPU
		{02AAE99A-2DBA-4708-A89F-0B4B4BB345B7}.Debug|Any CPU.Deploy.0 = Debug|Any CPU
		{02AAE99A-2DBA-4708-A89F-0B4B4BB345B7}.Release|Any CPU.ActiveCfg = Release|Any CPU
		{02AAE99A-2DBA-4708-A89F-0B4B4BB345B7}.Release|Any CPU.Build.0 = Release|Any CPU
		{02AAE99A-2DBA-4708-A89F-0B4B4BB345B7}.Release|Any CPU.Deploy.0 = Release|Any CPU
		{6C48A755-200E-4387-8232-C223C3AE97DA}.Debug|Any CPU.ActiveCfg = Debug|Any CPU
		{6C48A755-200E-4387-8232-C223C3AE97DA}.Debug|Any CPU.Build.0 = Debug|Any CPU
		{6C48A755-200E-4387-8232-C223C3AE97DA}.Debug|Any CPU.Deploy.0 = Debug|Any CPU
		{6C48A755-200E-4387-8232-C223C3AE97DA}.Release|Any CPU.ActiveCfg = Release|Any CPU
		{6C48A755-200E-4387-8232-C223C3AE97DA}.Release|Any CPU.Build.0 = Release|Any CPU
		{6C48A755-200E-4387-8232-C223C3AE97DA}.Release|Any CPU.Deploy.0 = Release|Any CPU
		{33296879-B586-4F83-82C7-E64700310CDF}.Debug|Any CPU.ActiveCfg = Debug|Any CPU
		{33296879-B586-4F83-82C7-E64700310CDF}.Debug|Any CPU.Build.0 = Debug|Any CPU
		{33296879-B586-4F83-82C7-E64700310CDF}.Debug|Any CPU.Deploy.0 = Debug|Any CPU
		{33296879-B586-4F83-82C7-E64700310CDF}.Release|Any CPU.ActiveCfg = Release|Any CPU
		{33296879-B586-4F83-82C7-E64700310CDF}.Release|Any CPU.Build.0 = Release|Any CPU
		{33296879-B586-4F83-82C7-E64700310CDF}.Release|Any CPU.Deploy.0 = Release|Any CPU
		{7A6963F1-0A7C-4378-93C1-7B926A70EA47}.Debug|Any CPU.ActiveCfg = Debug|Any CPU
		{7A6963F1-0A7C-4378-93C1-7B926A70EA47}.Debug|Any CPU.Build.0 = Debug|Any CPU
		{7A6963F1-0A7C-4378-93C1-7B926A70EA47}.Debug|Any CPU.Deploy.0 = Debug|Any CPU
		{7A6963F1-0A7C-4378-93C1-7B926A70EA47}.Release|Any CPU.ActiveCfg = Release|Any CPU
		{7A6963F1-0A7C-4378-93C1-7B926A70EA47}.Release|Any CPU.Build.0 = Release|Any CPU
		{7A6963F1-0A7C-4378-93C1-7B926A70EA47}.Release|Any CPU.Deploy.0 = Release|Any CPU
		{B97FE568-BA46-43D4-AC99-5E70314B900F}.Debug|Any CPU.ActiveCfg = Debug|Any CPU
		{B97FE568-BA46-43D4-AC99-5E70314B900F}.Debug|Any CPU.Build.0 = Debug|Any CPU
		{B97FE568-BA46-43D4-AC99-5E70314B900F}.Debug|Any CPU.Deploy.0 = Debug|Any CPU
		{B97FE568-BA46-43D4-AC99-5E70314B900F}.Release|Any CPU.ActiveCfg = Release|Any CPU
		{B97FE568-BA46-43D4-AC99-5E70314B900F}.Release|Any CPU.Build.0 = Release|Any CPU
		{B97FE568-BA46-43D4-AC99-5E70314B900F}.Release|Any CPU.Deploy.0 = Release|Any CPU
		{7AF3031D-9CA2-4ED7-9ED1-D79794134C4F}.Debug|Any CPU.ActiveCfg = Debug|Any CPU
		{7AF3031D-9CA2-4ED7-9ED1-D79794134C4F}.Debug|Any CPU.Build.0 = Debug|Any CPU
		{7AF3031D-9CA2-4ED7-9ED1-D79794134C4F}.Debug|Any CPU.Deploy.0 = Debug|Any CPU
		{7AF3031D-9CA2-4ED7-9ED1-D79794134C4F}.Release|Any CPU.ActiveCfg = Release|Any CPU
		{7AF3031D-9CA2-4ED7-9ED1-D79794134C4F}.Release|Any CPU.Build.0 = Release|Any CPU
		{7AF3031D-9CA2-4ED7-9ED1-D79794134C4F}.Release|Any CPU.Deploy.0 = Release|Any CPU
		{7D285071-D706-4371-B395-EEBF6CC4618F}.Debug|Any CPU.ActiveCfg = Debug|Any CPU
		{7D285071-D706-4371-B395-EEBF6CC4618F}.Debug|Any CPU.Build.0 = Debug|Any CPU
		{7D285071-D706-4371-B395-EEBF6CC4618F}.Debug|Any CPU.Deploy.0 = Debug|Any CPU
		{7D285071-D706-4371-B395-EEBF6CC4618F}.Release|Any CPU.ActiveCfg = Release|Any CPU
		{7D285071-D706-4371-B395-EEBF6CC4618F}.Release|Any CPU.Build.0 = Release|Any CPU
		{7D285071-D706-4371-B395-EEBF6CC4618F}.Release|Any CPU.Deploy.0 = Release|Any CPU
	EndGlobalSection
	GlobalSection(SolutionProperties) = preSolution
		HideSolutionNode = FALSE
	EndGlobalSection
	GlobalSection(ExtensibilityGlobals) = postSolution
		SolutionGuid = {4897D600-AEF0-48FA-8204-71CFB196D547}
	EndGlobalSection
EndGlobal
