
Microsoft Visual Studio Solution File, Format Version 12.00
# Visual Studio Version 17
VisualStudioVersion = 17.4.33213.308
MinimumVisualStudioVersion = 10.0.40219.1
Project("{2150E333-8FDC-42A3-9474-1A3956D46DE8}") = "_refs", "_refs", "{7F70E7D5-BAB0-4BB4-AFE4-7447B74568AA}"
EndProject
Project("{9A19103F-16F7-4668-BE54-9A1E7A4F7556}") = "Meadow.Contracts", "..\..\..\Meadow.Contracts\Source\Meadow.Contracts\Meadow.Contracts.csproj", "{DC124113-5D9B-4EDD-B043-7699ACF0C33B}"
EndProject
Project("{9A19103F-16F7-4668-BE54-9A1E7A4F7556}") = "Meadow.Core", "..\..\..\Meadow.Core\source\Meadow.Core\Meadow.Core.csproj", "{C304999A-B67E-46F0-B56D-C7554DF911CC}"
EndProject
Project("{9A19103F-16F7-4668-BE54-9A1E7A4F7556}") = "Meadow.Logging", "..\..\..\Meadow.Logging\Source\Meadow.Logging\lib\Meadow.Logging.csproj", "{A2828A74-C5B9-46C9-8EA0-0E646D6E9B16}"
EndProject
Project("{9A19103F-16F7-4668-BE54-9A1E7A4F7556}") = "Meadow.Units", "..\..\..\Meadow.Units\Source\Meadow.Units\Meadow.Units.csproj", "{932DF40E-DC30-4846-A5CE-72D55A480AE8}"
EndProject
Project("{9A19103F-16F7-4668-BE54-9A1E7A4F7556}") = "Meadow.Linux", "..\..\..\Meadow.Core\source\implementations\linux\Meadow.Linux\Meadow.Linux.csproj", "{A8F5D89D-A040-40A6-BEC7-36ADE087D7CD}"
EndProject
Project("{9A19103F-16F7-4668-BE54-9A1E7A4F7556}") = "Meadow.Foundation.Core", "..\..\..\Meadow.Foundation\Source\Meadow.Foundation.Core\Meadow.Foundation.Core.csproj", "{1B72626F-B78A-49B1-9099-C26C6A87DE71}"
EndProject
Project("{9A19103F-16F7-4668-BE54-9A1E7A4F7556}") = "Graphics.MicroGraphics", "..\..\..\Meadow.Foundation\Source\Meadow.Foundation.Libraries_and_Frameworks\Graphics.MicroGraphics\Driver\Graphics.MicroGraphics.csproj", "{02A4D46D-6124-493B-98A3-9FA300FAB7DF}"
EndProject
Project("{2150E333-8FDC-42A3-9474-1A3956D46DE8}") = "platforms", "platforms", "{BF5BD32F-D249-4329-9943-40B35C92AAC5}"
EndProject
Project("{2150E333-8FDC-42A3-9474-1A3956D46DE8}") = "raspberry pi", "raspberry pi", "{2AF6A39A-8213-4B29-988E-F5C76C6A9B8B}"
EndProject
Project("{9A19103F-16F7-4668-BE54-9A1E7A4F7556}") = "Ads1015_Sample", "pi\Ads1015_Sample\Ads1015_Sample.csproj", "{3908C3EB-7AE2-4847-B2AE-313980897629}"
EndProject
Project("{9A19103F-16F7-4668-BE54-9A1E7A4F7556}") = "Bme280_Sample", "pi\Bme280_Sample\Bme280_Sample.csproj", "{A4B615DA-9E15-4BF0-AF45-6A9C410BFD1F}"
EndProject
Project("{9A19103F-16F7-4668-BE54-9A1E7A4F7556}") = "PushButton_Sample", "pi\PushButton_Sample\PushButton_Sample.csproj", "{A67A00E3-D77D-49BF-8E35-581358876C4C}"
EndProject
Project("{9A19103F-16F7-4668-BE54-9A1E7A4F7556}") = "ST7789_Sample", "pi\ST7789_Sample\ST7789_Sample.csproj", "{480AC3E0-DB33-4F68-A784-6E171DBCABAC}"
EndProject
Project("{2150E333-8FDC-42A3-9474-1A3956D46DE8}") = "jetson", "jetson", "{82C4D429-31D6-4EA0-BA52-6EA04D77A5D3}"
EndProject
Project("{9A19103F-16F7-4668-BE54-9A1E7A4F7556}") = "XavierI2C_Sample", "nvidia\XavierI2C_Sample\XavierI2C_Sample.csproj", "{BF667E73-CEF9-4B9F-88A0-31DAB9706263}"
EndProject
Project("{9A19103F-16F7-4668-BE54-9A1E7A4F7556}") = "Displays.Gtk", "..\..\..\Meadow.Foundation\Source\Meadow.Foundation.Peripherals\Displays.Gtk\Driver\Displays.Gtk.csproj", "{ABE281CB-A2C7-4754-B296-8978F7BC064B}"
EndProject
Project("{2150E333-8FDC-42A3-9474-1A3956D46DE8}") = "wsl2", "wsl2", "{7FC14CD3-089F-4BD0-8B2F-A247EC4EDD92}"
EndProject
Project("{9A19103F-16F7-4668-BE54-9A1E7A4F7556}") = "Sensors.Atmospheric.Ccs811", "..\..\..\Meadow.Foundation\Source\Meadow.Foundation.Peripherals\Sensors.Atmospheric.Ccs811\Driver\Sensors.Atmospheric.Ccs811.csproj", "{FD344949-3C84-4BCF-A62B-46BC1FDE2700}"
EndProject
Project("{9A19103F-16F7-4668-BE54-9A1E7A4F7556}") = "Sensors.Atmospheric.Si70xx", "..\..\..\Meadow.Foundation\Source\Meadow.Foundation.Peripherals\Sensors.Atmospheric.Si70xx\Driver\Sensors.Atmospheric.Si70xx.csproj", "{B86251BD-1A26-43BA-BEB8-9713AEEDF0AE}"
EndProject
Project("{9A19103F-16F7-4668-BE54-9A1E7A4F7556}") = "Sensors.Motion.Adxl3xx", "..\..\..\Meadow.Foundation\Source\Meadow.Foundation.Peripherals\Sensors.Motion.Adxl3xx\Driver\Sensors.Motion.Adxl3xx.csproj", "{2D5726A1-225F-40E4-8360-DF74CD5548B6}"
EndProject
Project("{9A19103F-16F7-4668-BE54-9A1E7A4F7556}") = "Sensors.Motion.Bno055", "..\..\..\Meadow.Foundation\Source\Meadow.Foundation.Peripherals\Sensors.Motion.Bno055\Driver\Sensors.Motion.Bno055.csproj", "{FA1A0624-EDD7-45AD-AFC6-6796272DE740}"
EndProject
Project("{9A19103F-16F7-4668-BE54-9A1E7A4F7556}") = "ICs.ADC.Ads1x15", "..\..\..\Meadow.Foundation\Source\Meadow.Foundation.Peripherals\ICs.ADC.Ads1x15\Driver\ICs.ADC.Ads1x15.csproj", "{3C8328AE-593C-4785-B219-600AF84DB547}"
EndProject
Project("{9A19103F-16F7-4668-BE54-9A1E7A4F7556}") = "Sensors.Atmospheric.Bme280", "..\..\..\Meadow.Foundation\Source\Meadow.Foundation.Peripherals\Sensors.Atmospheric.Bme280\Driver\Sensors.Atmospheric.Bme280.csproj", "{6B73A2F0-743A-4320-A10B-740CE17781AE}"
EndProject
Project("{9A19103F-16F7-4668-BE54-9A1E7A4F7556}") = "MQTTnet", "..\..\..\MQTTnet\Source\MQTTnet\MQTTnet.csproj", "{F60127E8-5BF0-40C7-AEEC-363BB2F16D3E}"
EndProject
Project("{9A19103F-16F7-4668-BE54-9A1E7A4F7556}") = "Displays.TftSpi", "..\..\..\Meadow.Foundation\Source\Meadow.Foundation.Peripherals\Displays.TftSpi\Driver\Displays.TftSpi.csproj", "{215BDB20-6A6F-46C5-920E-360974BF5B08}"
EndProject
Project("{9A19103F-16F7-4668-BE54-9A1E7A4F7556}") = "Led_Sample", "pi\Led_Sample\Led_Sample.csproj", "{E527DFB5-243D-47B9-B1B5-17D29A3E7D5D}"
EndProject
Project("{9A19103F-16F7-4668-BE54-9A1E7A4F7556}") = "Meadow.Gtk_Sample", "wsl2\gtk\Meadow.Gtk_Sample.csproj", "{6291B9C3-DB83-4D4E-9AE9-620121261DF6}"
EndProject
Project("{9A19103F-16F7-4668-BE54-9A1E7A4F7556}") = "AvaloniaMeadow", "pi\Avalonia_Sample\AvaloniaMeadow.csproj", "{4626C31A-63C1-4C63-9059-5056B05134EE}"
EndProject
Global
	GlobalSection(SolutionConfigurationPlatforms) = preSolution
		Debug|Any CPU = Debug|Any CPU
		Release|Any CPU = Release|Any CPU
	EndGlobalSection
	GlobalSection(ProjectConfigurationPlatforms) = postSolution
		{DC124113-5D9B-4EDD-B043-7699ACF0C33B}.Debug|Any CPU.ActiveCfg = Debug|Any CPU
		{DC124113-5D9B-4EDD-B043-7699ACF0C33B}.Debug|Any CPU.Build.0 = Debug|Any CPU
		{DC124113-5D9B-4EDD-B043-7699ACF0C33B}.Debug|Any CPU.Deploy.0 = Debug|Any CPU
		{DC124113-5D9B-4EDD-B043-7699ACF0C33B}.Release|Any CPU.ActiveCfg = Release|Any CPU
		{DC124113-5D9B-4EDD-B043-7699ACF0C33B}.Release|Any CPU.Build.0 = Release|Any CPU
		{DC124113-5D9B-4EDD-B043-7699ACF0C33B}.Release|Any CPU.Deploy.0 = Release|Any CPU
		{C304999A-B67E-46F0-B56D-C7554DF911CC}.Debug|Any CPU.ActiveCfg = Debug|Any CPU
		{C304999A-B67E-46F0-B56D-C7554DF911CC}.Debug|Any CPU.Build.0 = Debug|Any CPU
		{C304999A-B67E-46F0-B56D-C7554DF911CC}.Debug|Any CPU.Deploy.0 = Debug|Any CPU
		{C304999A-B67E-46F0-B56D-C7554DF911CC}.Release|Any CPU.ActiveCfg = Release|Any CPU
		{C304999A-B67E-46F0-B56D-C7554DF911CC}.Release|Any CPU.Build.0 = Release|Any CPU
		{C304999A-B67E-46F0-B56D-C7554DF911CC}.Release|Any CPU.Deploy.0 = Release|Any CPU
		{A2828A74-C5B9-46C9-8EA0-0E646D6E9B16}.Debug|Any CPU.ActiveCfg = Debug|Any CPU
		{A2828A74-C5B9-46C9-8EA0-0E646D6E9B16}.Debug|Any CPU.Build.0 = Debug|Any CPU
		{A2828A74-C5B9-46C9-8EA0-0E646D6E9B16}.Release|Any CPU.ActiveCfg = Release|Any CPU
		{A2828A74-C5B9-46C9-8EA0-0E646D6E9B16}.Release|Any CPU.Build.0 = Release|Any CPU
		{932DF40E-DC30-4846-A5CE-72D55A480AE8}.Debug|Any CPU.ActiveCfg = Debug|Any CPU
		{932DF40E-DC30-4846-A5CE-72D55A480AE8}.Debug|Any CPU.Build.0 = Debug|Any CPU
		{932DF40E-DC30-4846-A5CE-72D55A480AE8}.Debug|Any CPU.Deploy.0 = Debug|Any CPU
		{932DF40E-DC30-4846-A5CE-72D55A480AE8}.Release|Any CPU.ActiveCfg = Release|Any CPU
		{932DF40E-DC30-4846-A5CE-72D55A480AE8}.Release|Any CPU.Build.0 = Release|Any CPU
		{932DF40E-DC30-4846-A5CE-72D55A480AE8}.Release|Any CPU.Deploy.0 = Release|Any CPU
		{A8F5D89D-A040-40A6-BEC7-36ADE087D7CD}.Debug|Any CPU.ActiveCfg = Debug|Any CPU
		{A8F5D89D-A040-40A6-BEC7-36ADE087D7CD}.Debug|Any CPU.Build.0 = Debug|Any CPU
		{A8F5D89D-A040-40A6-BEC7-36ADE087D7CD}.Debug|Any CPU.Deploy.0 = Debug|Any CPU
		{A8F5D89D-A040-40A6-BEC7-36ADE087D7CD}.Release|Any CPU.ActiveCfg = Release|Any CPU
		{A8F5D89D-A040-40A6-BEC7-36ADE087D7CD}.Release|Any CPU.Build.0 = Release|Any CPU
		{A8F5D89D-A040-40A6-BEC7-36ADE087D7CD}.Release|Any CPU.Deploy.0 = Release|Any CPU
		{1B72626F-B78A-49B1-9099-C26C6A87DE71}.Debug|Any CPU.ActiveCfg = Debug|Any CPU
		{1B72626F-B78A-49B1-9099-C26C6A87DE71}.Debug|Any CPU.Build.0 = Debug|Any CPU
		{1B72626F-B78A-49B1-9099-C26C6A87DE71}.Debug|Any CPU.Deploy.0 = Debug|Any CPU
		{1B72626F-B78A-49B1-9099-C26C6A87DE71}.Release|Any CPU.ActiveCfg = Release|Any CPU
		{1B72626F-B78A-49B1-9099-C26C6A87DE71}.Release|Any CPU.Build.0 = Release|Any CPU
		{1B72626F-B78A-49B1-9099-C26C6A87DE71}.Release|Any CPU.Deploy.0 = Release|Any CPU
		{02A4D46D-6124-493B-98A3-9FA300FAB7DF}.Debug|Any CPU.ActiveCfg = Debug|Any CPU
		{02A4D46D-6124-493B-98A3-9FA300FAB7DF}.Debug|Any CPU.Build.0 = Debug|Any CPU
		{02A4D46D-6124-493B-98A3-9FA300FAB7DF}.Debug|Any CPU.Deploy.0 = Debug|Any CPU
		{02A4D46D-6124-493B-98A3-9FA300FAB7DF}.Release|Any CPU.ActiveCfg = Release|Any CPU
		{02A4D46D-6124-493B-98A3-9FA300FAB7DF}.Release|Any CPU.Build.0 = Release|Any CPU
		{02A4D46D-6124-493B-98A3-9FA300FAB7DF}.Release|Any CPU.Deploy.0 = Release|Any CPU
		{3908C3EB-7AE2-4847-B2AE-313980897629}.Debug|Any CPU.ActiveCfg = Debug|Any CPU
		{3908C3EB-7AE2-4847-B2AE-313980897629}.Debug|Any CPU.Build.0 = Debug|Any CPU
		{3908C3EB-7AE2-4847-B2AE-313980897629}.Release|Any CPU.ActiveCfg = Release|Any CPU
		{3908C3EB-7AE2-4847-B2AE-313980897629}.Release|Any CPU.Build.0 = Release|Any CPU
		{A4B615DA-9E15-4BF0-AF45-6A9C410BFD1F}.Debug|Any CPU.ActiveCfg = Debug|Any CPU
		{A4B615DA-9E15-4BF0-AF45-6A9C410BFD1F}.Debug|Any CPU.Build.0 = Debug|Any CPU
		{A4B615DA-9E15-4BF0-AF45-6A9C410BFD1F}.Release|Any CPU.ActiveCfg = Release|Any CPU
		{A4B615DA-9E15-4BF0-AF45-6A9C410BFD1F}.Release|Any CPU.Build.0 = Release|Any CPU
		{A67A00E3-D77D-49BF-8E35-581358876C4C}.Debug|Any CPU.ActiveCfg = Debug|Any CPU
		{A67A00E3-D77D-49BF-8E35-581358876C4C}.Debug|Any CPU.Build.0 = Debug|Any CPU
		{A67A00E3-D77D-49BF-8E35-581358876C4C}.Release|Any CPU.ActiveCfg = Release|Any CPU
		{A67A00E3-D77D-49BF-8E35-581358876C4C}.Release|Any CPU.Build.0 = Release|Any CPU
		{480AC3E0-DB33-4F68-A784-6E171DBCABAC}.Debug|Any CPU.ActiveCfg = Debug|Any CPU
		{480AC3E0-DB33-4F68-A784-6E171DBCABAC}.Debug|Any CPU.Build.0 = Debug|Any CPU
		{480AC3E0-DB33-4F68-A784-6E171DBCABAC}.Release|Any CPU.ActiveCfg = Release|Any CPU
		{480AC3E0-DB33-4F68-A784-6E171DBCABAC}.Release|Any CPU.Build.0 = Release|Any CPU
		{BF667E73-CEF9-4B9F-88A0-31DAB9706263}.Debug|Any CPU.ActiveCfg = Debug|Any CPU
		{BF667E73-CEF9-4B9F-88A0-31DAB9706263}.Debug|Any CPU.Build.0 = Debug|Any CPU
		{BF667E73-CEF9-4B9F-88A0-31DAB9706263}.Release|Any CPU.ActiveCfg = Release|Any CPU
		{BF667E73-CEF9-4B9F-88A0-31DAB9706263}.Release|Any CPU.Build.0 = Release|Any CPU
		{ABE281CB-A2C7-4754-B296-8978F7BC064B}.Debug|Any CPU.ActiveCfg = Debug|Any CPU
		{ABE281CB-A2C7-4754-B296-8978F7BC064B}.Debug|Any CPU.Build.0 = Debug|Any CPU
		{ABE281CB-A2C7-4754-B296-8978F7BC064B}.Release|Any CPU.ActiveCfg = Release|Any CPU
		{ABE281CB-A2C7-4754-B296-8978F7BC064B}.Release|Any CPU.Build.0 = Release|Any CPU
		{FD344949-3C84-4BCF-A62B-46BC1FDE2700}.Debug|Any CPU.ActiveCfg = Debug|Any CPU
		{FD344949-3C84-4BCF-A62B-46BC1FDE2700}.Debug|Any CPU.Build.0 = Debug|Any CPU
		{FD344949-3C84-4BCF-A62B-46BC1FDE2700}.Debug|Any CPU.Deploy.0 = Debug|Any CPU
		{FD344949-3C84-4BCF-A62B-46BC1FDE2700}.Release|Any CPU.ActiveCfg = Release|Any CPU
		{FD344949-3C84-4BCF-A62B-46BC1FDE2700}.Release|Any CPU.Build.0 = Release|Any CPU
		{FD344949-3C84-4BCF-A62B-46BC1FDE2700}.Release|Any CPU.Deploy.0 = Release|Any CPU
		{B86251BD-1A26-43BA-BEB8-9713AEEDF0AE}.Debug|Any CPU.ActiveCfg = Debug|Any CPU
		{B86251BD-1A26-43BA-BEB8-9713AEEDF0AE}.Debug|Any CPU.Build.0 = Debug|Any CPU
		{B86251BD-1A26-43BA-BEB8-9713AEEDF0AE}.Debug|Any CPU.Deploy.0 = Debug|Any CPU
		{B86251BD-1A26-43BA-BEB8-9713AEEDF0AE}.Release|Any CPU.ActiveCfg = Release|Any CPU
		{B86251BD-1A26-43BA-BEB8-9713AEEDF0AE}.Release|Any CPU.Build.0 = Release|Any CPU
		{B86251BD-1A26-43BA-BEB8-9713AEEDF0AE}.Release|Any CPU.Deploy.0 = Release|Any CPU
		{2D5726A1-225F-40E4-8360-DF74CD5548B6}.Debug|Any CPU.ActiveCfg = Debug|Any CPU
		{2D5726A1-225F-40E4-8360-DF74CD5548B6}.Debug|Any CPU.Build.0 = Debug|Any CPU
		{2D5726A1-225F-40E4-8360-DF74CD5548B6}.Debug|Any CPU.Deploy.0 = Debug|Any CPU
		{2D5726A1-225F-40E4-8360-DF74CD5548B6}.Release|Any CPU.ActiveCfg = Release|Any CPU
		{2D5726A1-225F-40E4-8360-DF74CD5548B6}.Release|Any CPU.Build.0 = Release|Any CPU
		{2D5726A1-225F-40E4-8360-DF74CD5548B6}.Release|Any CPU.Deploy.0 = Release|Any CPU
		{FA1A0624-EDD7-45AD-AFC6-6796272DE740}.Debug|Any CPU.ActiveCfg = Debug|Any CPU
		{FA1A0624-EDD7-45AD-AFC6-6796272DE740}.Debug|Any CPU.Build.0 = Debug|Any CPU
		{FA1A0624-EDD7-45AD-AFC6-6796272DE740}.Debug|Any CPU.Deploy.0 = Debug|Any CPU
		{FA1A0624-EDD7-45AD-AFC6-6796272DE740}.Release|Any CPU.ActiveCfg = Release|Any CPU
		{FA1A0624-EDD7-45AD-AFC6-6796272DE740}.Release|Any CPU.Build.0 = Release|Any CPU
		{FA1A0624-EDD7-45AD-AFC6-6796272DE740}.Release|Any CPU.Deploy.0 = Release|Any CPU
		{3C8328AE-593C-4785-B219-600AF84DB547}.Debug|Any CPU.ActiveCfg = Debug|Any CPU
		{3C8328AE-593C-4785-B219-600AF84DB547}.Debug|Any CPU.Build.0 = Debug|Any CPU
		{3C8328AE-593C-4785-B219-600AF84DB547}.Debug|Any CPU.Deploy.0 = Debug|Any CPU
		{3C8328AE-593C-4785-B219-600AF84DB547}.Release|Any CPU.ActiveCfg = Release|Any CPU
		{3C8328AE-593C-4785-B219-600AF84DB547}.Release|Any CPU.Build.0 = Release|Any CPU
		{3C8328AE-593C-4785-B219-600AF84DB547}.Release|Any CPU.Deploy.0 = Release|Any CPU
		{6B73A2F0-743A-4320-A10B-740CE17781AE}.Debug|Any CPU.ActiveCfg = Debug|Any CPU
		{6B73A2F0-743A-4320-A10B-740CE17781AE}.Debug|Any CPU.Build.0 = Debug|Any CPU
		{6B73A2F0-743A-4320-A10B-740CE17781AE}.Debug|Any CPU.Deploy.0 = Debug|Any CPU
		{6B73A2F0-743A-4320-A10B-740CE17781AE}.Release|Any CPU.ActiveCfg = Release|Any CPU
		{6B73A2F0-743A-4320-A10B-740CE17781AE}.Release|Any CPU.Build.0 = Release|Any CPU
		{6B73A2F0-743A-4320-A10B-740CE17781AE}.Release|Any CPU.Deploy.0 = Release|Any CPU
		{F60127E8-5BF0-40C7-AEEC-363BB2F16D3E}.Debug|Any CPU.ActiveCfg = Debug|Any CPU
		{F60127E8-5BF0-40C7-AEEC-363BB2F16D3E}.Debug|Any CPU.Build.0 = Debug|Any CPU
		{F60127E8-5BF0-40C7-AEEC-363BB2F16D3E}.Release|Any CPU.ActiveCfg = Release|Any CPU
		{F60127E8-5BF0-40C7-AEEC-363BB2F16D3E}.Release|Any CPU.Build.0 = Release|Any CPU
		{215BDB20-6A6F-46C5-920E-360974BF5B08}.Debug|Any CPU.ActiveCfg = Debug|Any CPU
		{215BDB20-6A6F-46C5-920E-360974BF5B08}.Debug|Any CPU.Build.0 = Debug|Any CPU
		{215BDB20-6A6F-46C5-920E-360974BF5B08}.Debug|Any CPU.Deploy.0 = Debug|Any CPU
		{215BDB20-6A6F-46C5-920E-360974BF5B08}.Release|Any CPU.ActiveCfg = Release|Any CPU
		{215BDB20-6A6F-46C5-920E-360974BF5B08}.Release|Any CPU.Build.0 = Release|Any CPU
		{215BDB20-6A6F-46C5-920E-360974BF5B08}.Release|Any CPU.Deploy.0 = Release|Any CPU
		{E527DFB5-243D-47B9-B1B5-17D29A3E7D5D}.Debug|Any CPU.ActiveCfg = Debug|Any CPU
		{E527DFB5-243D-47B9-B1B5-17D29A3E7D5D}.Debug|Any CPU.Build.0 = Debug|Any CPU
		{E527DFB5-243D-47B9-B1B5-17D29A3E7D5D}.Release|Any CPU.ActiveCfg = Release|Any CPU
		{E527DFB5-243D-47B9-B1B5-17D29A3E7D5D}.Release|Any CPU.Build.0 = Release|Any CPU
		{6291B9C3-DB83-4D4E-9AE9-620121261DF6}.Debug|Any CPU.ActiveCfg = Debug|Any CPU
		{6291B9C3-DB83-4D4E-9AE9-620121261DF6}.Debug|Any CPU.Build.0 = Debug|Any CPU
		{6291B9C3-DB83-4D4E-9AE9-620121261DF6}.Release|Any CPU.ActiveCfg = Release|Any CPU
		{6291B9C3-DB83-4D4E-9AE9-620121261DF6}.Release|Any CPU.Build.0 = Release|Any CPU
		{4626C31A-63C1-4C63-9059-5056B05134EE}.Debug|Any CPU.ActiveCfg = Debug|Any CPU
		{4626C31A-63C1-4C63-9059-5056B05134EE}.Debug|Any CPU.Build.0 = Debug|Any CPU
		{4626C31A-63C1-4C63-9059-5056B05134EE}.Release|Any CPU.ActiveCfg = Release|Any CPU
		{4626C31A-63C1-4C63-9059-5056B05134EE}.Release|Any CPU.Build.0 = Release|Any CPU
	EndGlobalSection
	GlobalSection(SolutionProperties) = preSolution
		HideSolutionNode = FALSE
	EndGlobalSection
	GlobalSection(NestedProjects) = preSolution
		{DC124113-5D9B-4EDD-B043-7699ACF0C33B} = {7F70E7D5-BAB0-4BB4-AFE4-7447B74568AA}
		{C304999A-B67E-46F0-B56D-C7554DF911CC} = {7F70E7D5-BAB0-4BB4-AFE4-7447B74568AA}
		{A2828A74-C5B9-46C9-8EA0-0E646D6E9B16} = {7F70E7D5-BAB0-4BB4-AFE4-7447B74568AA}
		{932DF40E-DC30-4846-A5CE-72D55A480AE8} = {7F70E7D5-BAB0-4BB4-AFE4-7447B74568AA}
		{A8F5D89D-A040-40A6-BEC7-36ADE087D7CD} = {7F70E7D5-BAB0-4BB4-AFE4-7447B74568AA}
		{1B72626F-B78A-49B1-9099-C26C6A87DE71} = {7F70E7D5-BAB0-4BB4-AFE4-7447B74568AA}
		{02A4D46D-6124-493B-98A3-9FA300FAB7DF} = {7F70E7D5-BAB0-4BB4-AFE4-7447B74568AA}
		{2AF6A39A-8213-4B29-988E-F5C76C6A9B8B} = {BF5BD32F-D249-4329-9943-40B35C92AAC5}
		{3908C3EB-7AE2-4847-B2AE-313980897629} = {2AF6A39A-8213-4B29-988E-F5C76C6A9B8B}
		{A4B615DA-9E15-4BF0-AF45-6A9C410BFD1F} = {2AF6A39A-8213-4B29-988E-F5C76C6A9B8B}
		{A67A00E3-D77D-49BF-8E35-581358876C4C} = {2AF6A39A-8213-4B29-988E-F5C76C6A9B8B}
		{480AC3E0-DB33-4F68-A784-6E171DBCABAC} = {2AF6A39A-8213-4B29-988E-F5C76C6A9B8B}
		{82C4D429-31D6-4EA0-BA52-6EA04D77A5D3} = {BF5BD32F-D249-4329-9943-40B35C92AAC5}
		{BF667E73-CEF9-4B9F-88A0-31DAB9706263} = {82C4D429-31D6-4EA0-BA52-6EA04D77A5D3}
		{ABE281CB-A2C7-4754-B296-8978F7BC064B} = {7F70E7D5-BAB0-4BB4-AFE4-7447B74568AA}
		{7FC14CD3-089F-4BD0-8B2F-A247EC4EDD92} = {BF5BD32F-D249-4329-9943-40B35C92AAC5}
		{FD344949-3C84-4BCF-A62B-46BC1FDE2700} = {7F70E7D5-BAB0-4BB4-AFE4-7447B74568AA}
		{B86251BD-1A26-43BA-BEB8-9713AEEDF0AE} = {7F70E7D5-BAB0-4BB4-AFE4-7447B74568AA}
		{2D5726A1-225F-40E4-8360-DF74CD5548B6} = {7F70E7D5-BAB0-4BB4-AFE4-7447B74568AA}
		{FA1A0624-EDD7-45AD-AFC6-6796272DE740} = {7F70E7D5-BAB0-4BB4-AFE4-7447B74568AA}
		{3C8328AE-593C-4785-B219-600AF84DB547} = {7F70E7D5-BAB0-4BB4-AFE4-7447B74568AA}
		{6B73A2F0-743A-4320-A10B-740CE17781AE} = {7F70E7D5-BAB0-4BB4-AFE4-7447B74568AA}
		{F60127E8-5BF0-40C7-AEEC-363BB2F16D3E} = {7F70E7D5-BAB0-4BB4-AFE4-7447B74568AA}
		{215BDB20-6A6F-46C5-920E-360974BF5B08} = {7F70E7D5-BAB0-4BB4-AFE4-7447B74568AA}
		{E527DFB5-243D-47B9-B1B5-17D29A3E7D5D} = {2AF6A39A-8213-4B29-988E-F5C76C6A9B8B}
		{6291B9C3-DB83-4D4E-9AE9-620121261DF6} = {7FC14CD3-089F-4BD0-8B2F-A247EC4EDD92}
		{4626C31A-63C1-4C63-9059-5056B05134EE} = {2AF6A39A-8213-4B29-988E-F5C76C6A9B8B}
	EndGlobalSection
	GlobalSection(ExtensibilityGlobals) = postSolution
		SolutionGuid = {5CF4A510-8877-4F71-BFB1-15D6AE1BF070}
	EndGlobalSection
EndGlobal
