
Microsoft Visual Studio Solution File, Format Version 12.00
# Visual Studio 15
Project("{FAE04EC0-301F-11D3-BF4B-00C04F79EFBC}") = "Basic_Tasks", "Basic_Tasks\Basic_Tasks.csproj", "{67BD4E4C-9EB2-49CE-B071-D114CF77253A}"
EndProject
Project("{FAE04EC0-301F-11D3-BF4B-00C04F79EFBC}") = "Basic_Threading", "Basic_Threading\Basic_Threading.csproj", "{502797E9-BF7D-460F-8467-AE8646E64BBB}"
EndProject
Project("{FAE04EC0-301F-11D3-BF4B-00C04F79EFBC}") = "GpioInterrogation", "GpioInterrogation\GpioInterrogation.csproj", "{1EBFD0E5-F32C-46CD-9A60-0143EB8B8FA3}"
EndProject
Project("{FAE04EC0-301F-11D3-BF4B-00C04F79EFBC}") = "HelloLED", "HelloLED\HelloLED.csproj", "{E4E2339E-D040-4467-9EB2-A36143B90CB7}"
EndProject
Project("{2150E333-8FDC-42A3-9474-1A3956D46DE8}") = "F7Micro", "F7Micro", "{C1DB0C6C-C232-41EB-99FE-F1297EAB49AB}"
EndProject
Project("{FAE04EC0-301F-11D3-BF4B-00C04F79EFBC}") = "Walking_DigitalOutputs", "F7Micro\Walking_DigitalOutputs\Walking_DigitalOutputs.csproj", "{E8407C33-AED5-44A4-96A5-974E7A954E11}"
EndProject
Project("{FAE04EC0-301F-11D3-BF4B-00C04F79EFBC}") = "DigitalInputPort_IObservable", "DigitalInputPort_IObservable\DigitalInputPort_IObservable.csproj", "{4D228F7E-709A-4577-97A8-BD90EF62C496}"
EndProject
Project("{FAE04EC0-301F-11D3-BF4B-00C04F79EFBC}") = "ButtonEvents", "F7Micro\ButtonEvents\ButtonEvents.csproj", "{7E145413-338D-45C0-B367-3D12D419519B}"
EndProject
Project("{FAE04EC0-301F-11D3-BF4B-00C04F79EFBC}") = "Walking_DigitalOutputs", "Walking_DigitalOutputs\Walking_DigitalOutputs.csproj", "{DE131C41-0928-41AC-AFC4-72F0BA61E7F8}"
EndProject
Project("{2150E333-8FDC-42A3-9474-1A3956D46DE8}") = "Meadow.Foundation", "Meadow.Foundation", "{4E3AE44D-6A7A-42EF-8F54-BD70767DC503}"
EndProject
Project("{FAE04EC0-301F-11D3-BF4B-00C04F79EFBC}") = "TempHumidityMonitorWithTftDisplay", "Meadow.Foundation\TempHumidityMonitorWithTftDisplay\TempHumidityMonitorWithTftDisplay.csproj", "{C10B1A7B-D684-4C30-8E2A-F988F9C68243}"
EndProject
Global
	GlobalSection(SolutionConfigurationPlatforms) = preSolution
		Debug|Any CPU = Debug|Any CPU
		Release|Any CPU = Release|Any CPU
	EndGlobalSection
	GlobalSection(ProjectConfigurationPlatforms) = postSolution
		{67BD4E4C-9EB2-49CE-B071-D114CF77253A}.Debug|Any CPU.ActiveCfg = Debug|Any CPU
		{67BD4E4C-9EB2-49CE-B071-D114CF77253A}.Debug|Any CPU.Build.0 = Debug|Any CPU
		{67BD4E4C-9EB2-49CE-B071-D114CF77253A}.Release|Any CPU.ActiveCfg = Release|Any CPU
		{67BD4E4C-9EB2-49CE-B071-D114CF77253A}.Release|Any CPU.Build.0 = Release|Any CPU
		{502797E9-BF7D-460F-8467-AE8646E64BBB}.Debug|Any CPU.ActiveCfg = Debug|Any CPU
		{502797E9-BF7D-460F-8467-AE8646E64BBB}.Debug|Any CPU.Build.0 = Debug|Any CPU
		{502797E9-BF7D-460F-8467-AE8646E64BBB}.Release|Any CPU.ActiveCfg = Release|Any CPU
		{502797E9-BF7D-460F-8467-AE8646E64BBB}.Release|Any CPU.Build.0 = Release|Any CPU
		{1EBFD0E5-F32C-46CD-9A60-0143EB8B8FA3}.Debug|Any CPU.ActiveCfg = Debug|Any CPU
		{1EBFD0E5-F32C-46CD-9A60-0143EB8B8FA3}.Debug|Any CPU.Build.0 = Debug|Any CPU
		{1EBFD0E5-F32C-46CD-9A60-0143EB8B8FA3}.Release|Any CPU.ActiveCfg = Release|Any CPU
		{1EBFD0E5-F32C-46CD-9A60-0143EB8B8FA3}.Release|Any CPU.Build.0 = Release|Any CPU
		{E4E2339E-D040-4467-9EB2-A36143B90CB7}.Debug|Any CPU.ActiveCfg = Debug|Any CPU
		{E4E2339E-D040-4467-9EB2-A36143B90CB7}.Debug|Any CPU.Build.0 = Debug|Any CPU
		{E4E2339E-D040-4467-9EB2-A36143B90CB7}.Release|Any CPU.ActiveCfg = Release|Any CPU
		{E4E2339E-D040-4467-9EB2-A36143B90CB7}.Release|Any CPU.Build.0 = Release|Any CPU
		{E8407C33-AED5-44A4-96A5-974E7A954E11}.Debug|Any CPU.ActiveCfg = Debug|Any CPU
		{E8407C33-AED5-44A4-96A5-974E7A954E11}.Debug|Any CPU.Build.0 = Debug|Any CPU
		{E8407C33-AED5-44A4-96A5-974E7A954E11}.Release|Any CPU.ActiveCfg = Release|Any CPU
		{E8407C33-AED5-44A4-96A5-974E7A954E11}.Release|Any CPU.Build.0 = Release|Any CPU
		{4D228F7E-709A-4577-97A8-BD90EF62C496}.Debug|Any CPU.ActiveCfg = Debug|Any CPU
		{4D228F7E-709A-4577-97A8-BD90EF62C496}.Debug|Any CPU.Build.0 = Debug|Any CPU
		{4D228F7E-709A-4577-97A8-BD90EF62C496}.Release|Any CPU.ActiveCfg = Release|Any CPU
		{4D228F7E-709A-4577-97A8-BD90EF62C496}.Release|Any CPU.Build.0 = Release|Any CPU
		{7E145413-338D-45C0-B367-3D12D419519B}.Debug|Any CPU.ActiveCfg = Debug|Any CPU
		{7E145413-338D-45C0-B367-3D12D419519B}.Debug|Any CPU.Build.0 = Debug|Any CPU
		{7E145413-338D-45C0-B367-3D12D419519B}.Release|Any CPU.ActiveCfg = Release|Any CPU
		{7E145413-338D-45C0-B367-3D12D419519B}.Release|Any CPU.Build.0 = Release|Any CPU
		{DE131C41-0928-41AC-AFC4-72F0BA61E7F8}.Debug|Any CPU.ActiveCfg = Debug|Any CPU
		{DE131C41-0928-41AC-AFC4-72F0BA61E7F8}.Debug|Any CPU.Build.0 = Debug|Any CPU
		{DE131C41-0928-41AC-AFC4-72F0BA61E7F8}.Release|Any CPU.ActiveCfg = Release|Any CPU
		{DE131C41-0928-41AC-AFC4-72F0BA61E7F8}.Release|Any CPU.Build.0 = Release|Any CPU
		{C10B1A7B-D684-4C30-8E2A-F988F9C68243}.Debug|Any CPU.ActiveCfg = Debug|Any CPU
		{C10B1A7B-D684-4C30-8E2A-F988F9C68243}.Debug|Any CPU.Build.0 = Debug|Any CPU
		{C10B1A7B-D684-4C30-8E2A-F988F9C68243}.Release|Any CPU.ActiveCfg = Release|Any CPU
		{C10B1A7B-D684-4C30-8E2A-F988F9C68243}.Release|Any CPU.Build.0 = Release|Any CPU
	EndGlobalSection
	GlobalSection(NestedProjects) = preSolution
		{E8407C33-AED5-44A4-96A5-974E7A954E11} = {C1DB0C6C-C232-41EB-99FE-F1297EAB49AB}
		{7E145413-338D-45C0-B367-3D12D419519B} = {C1DB0C6C-C232-41EB-99FE-F1297EAB49AB}
		{C10B1A7B-D684-4C30-8E2A-F988F9C68243} = {4E3AE44D-6A7A-42EF-8F54-BD70767DC503}
	EndGlobalSection
EndGlobal
