
Microsoft Visual Studio Solution File, Format Version 12.00
# Visual Studio Version 16
VisualStudioVersion = 16.0.30114.105
MinimumVisualStudioVersion = 10.0.40219.1
Project("{6EC3EE1D-3C4E-46DD-8F32-0CC8E7565705}") = "HelloLED", "HelloLED\HelloLED.fsproj", "{151A6220-FE2D-4214-A5F4-D0E45F77690B}"
EndProject
Project("{2150E333-8FDC-42A3-9474-1A3956D46DE8}") = "F7Micro", "F7Micro", "{6A303C49-B999-4946-8CDA-97744472A985}"
EndProject
Project("{6EC3EE1D-3C4E-46DD-8F32-0CC8E7565705}") = "ButtonEvents", "F7Micro\ButtonEvents\ButtonEvents.fsproj", "{C9BDFAB6-5447-4D8B-A8E0-CFBD7A166855}"
EndProject
Global
	GlobalSection(SolutionConfigurationPlatforms) = preSolution
		Debug|Any CPU = Debug|Any CPU
		Release|Any CPU = Release|Any CPU
	EndGlobalSection
	GlobalSection(ProjectConfigurationPlatforms) = postSolution
		{151A6220-FE2D-4214-A5F4-D0E45F77690B}.Debug|Any CPU.ActiveCfg = Debug|Any CPU
		{151A6220-FE2D-4214-A5F4-D0E45F77690B}.Debug|Any CPU.Build.0 = Debug|Any CPU
		{151A6220-FE2D-4214-A5F4-D0E45F77690B}.Release|Any CPU.ActiveCfg = Release|Any CPU
		{151A6220-FE2D-4214-A5F4-D0E45F77690B}.Release|Any CPU.Build.0 = Release|Any CPU
		{C9BDFAB6-5447-4D8B-A8E0-CFBD7A166855}.Debug|Any CPU.ActiveCfg = Debug|Any CPU
		{C9BDFAB6-5447-4D8B-A8E0-CFBD7A166855}.Debug|Any CPU.Build.0 = Debug|Any CPU
		{C9BDFAB6-5447-4D8B-A8E0-CFBD7A166855}.Release|Any CPU.ActiveCfg = Release|Any CPU
		{C9BDFAB6-5447-4D8B-A8E0-CFBD7A166855}.Release|Any CPU.Build.0 = Release|Any CPU
	EndGlobalSection
	GlobalSection(SolutionProperties) = preSolution
		HideSolutionNode = FALSE
	EndGlobalSection
	GlobalSection(NestedProjects) = preSolution
		{C9BDFAB6-5447-4D8B-A8E0-CFBD7A166855} = {6A303C49-B999-4946-8CDA-97744472A985}
	EndGlobalSection
	GlobalSection(ExtensibilityGlobals) = postSolution
		SolutionGuid = {89C613D0-CCAE-4E30-8C80-638EB98842F6}
	EndGlobalSection
EndGlobal
