
Microsoft Visual Studio Solution File, Format Version 12.00
# Visual Studio Version 17
VisualStudioVersion = 17.4.33205.214
MinimumVisualStudioVersion = 10.0.40219.1
Project("{2150E333-8FDC-42A3-9474-1A3956D46DE8}") = "_refs", "_refs", "{2EDC8049-733E-4AEC-92F1-893E6A9A53E5}"
EndProject
Project("{9A19103F-16F7-4668-BE54-9A1E7A4F7556}") = "Meadow.Contracts", "..\..\..\Meadow.Contracts\Source\Meadow.Contracts\Meadow.Contracts.csproj", "{C1F5ED9F-0B18-443D-83B8-C703E833952F}"
EndProject
Project("{9A19103F-16F7-4668-BE54-9A1E7A4F7556}") = "Meadow.Logging", "..\..\..\Meadow.Logging\Source\Meadow.Logging\lib\Meadow.Logging.csproj", "{741549AA-92DF-40E1-8A58-7CB34252D804}"
EndProject
Project("{9A19103F-16F7-4668-BE54-9A1E7A4F7556}") = "Meadow.Units", "..\..\..\Meadow.Units\Source\Meadow.Units\Meadow.Units.csproj", "{D6E9CCBD-F8CB-46D0-8564-2B09F03AF24F}"
EndProject
Project("{9A19103F-16F7-4668-BE54-9A1E7A4F7556}") = "Meadow.Core", "..\..\..\Meadow.Core\source\Meadow.Core\Meadow.Core.csproj", "{2EB5E2AC-2CA9-4E2C-B5DA-9BEC17217BC6}"
EndProject
Project("{9A19103F-16F7-4668-BE54-9A1E7A4F7556}") = "Meadow.Windows", "..\..\..\Meadow.Core\source\implementations\windows\Meadow.Windows\Meadow.Windows.csproj", "{7A7C0AC6-9D9C-4118-B062-519B816BE29C}"
EndProject
Project("{9A19103F-16F7-4668-BE54-9A1E7A4F7556}") = "ICs.IOExpanders.Ft232h", "..\..\..\Meadow.Foundation\Source\Meadow.Foundation.Peripherals\ICs.IOExpanders.Ft232h\Driver\ICs.IOExpanders.Ft232h.csproj", "{0B7F9081-A05C-4012-97ED-7C7A207D4EA5}"
EndProject
Project("{2150E333-8FDC-42A3-9474-1A3956D46DE8}") = "IO", "IO", "{DF4E42E7-7E84-474F-A8BA-903DA6A71A84}"
EndProject
Project("{9A19103F-16F7-4668-BE54-9A1E7A4F7556}") = "DigitalOutputPort", "IO\DigitalOutputPort\DigitalOutputPort.csproj", "{285BE7BF-7437-4A79-AA8F-11D1296580C2}"
EndProject
Project("{9A19103F-16F7-4668-BE54-9A1E7A4F7556}") = "SerialPort", "IO\SerialPort\SerialPort.csproj", "{3B404CFB-EAD7-4124-B1DF-68284FC6AB61}"
EndProject
Project("{2150E333-8FDC-42A3-9474-1A3956D46DE8}") = "HMI", "HMI", "{C4C395D2-B493-454A-84DC-E125FE9BC6B9}"
EndProject
Project("{9A19103F-16F7-4668-BE54-9A1E7A4F7556}") = "WinForms", "HMI\WinForms\WinForms.csproj", "{A395133A-2820-480E-83E5-159FB54D8959}"
EndProject
Project("{9A19103F-16F7-4668-BE54-9A1E7A4F7556}") = "Graphics.MicroGraphics", "..\..\..\Meadow.Foundation\Source\Meadow.Foundation.Libraries_and_Frameworks\Graphics.MicroGraphics\Driver\Graphics.MicroGraphics.csproj", "{53AE05DE-134E-45BA-9AFA-60B6E1824B06}"
EndProject
Project("{9A19103F-16F7-4668-BE54-9A1E7A4F7556}") = "Sensors.Motion.Bno055", "..\..\..\Meadow.Foundation\Source\Meadow.Foundation.Peripherals\Sensors.Motion.Bno055\Driver\Sensors.Motion.Bno055.csproj", "{2F19CA09-A73F-4D23-B61C-58823841A87F}"
EndProject
Project("{9A19103F-16F7-4668-BE54-9A1E7A4F7556}") = "I2C", "IO\I2C\I2C.csproj", "{CAEE04D2-E489-4EA4-AD73-BE7FCC580438}"
EndProject
Project("{9A19103F-16F7-4668-BE54-9A1E7A4F7556}") = "Meadow.Foundation.Core", "..\..\..\Meadow.Foundation\Source\Meadow.Foundation.Core\Meadow.Foundation.Core.csproj", "{6D9FE81B-8769-4F00-A6E3-9E037A8318CB}"
EndProject
Project("{9A19103F-16F7-4668-BE54-9A1E7A4F7556}") = "Sensors.Motion.Mpu6050", "..\..\..\Meadow.Foundation\Source\Meadow.Foundation.Peripherals\Sensors.Motion.Mpu6050\Driver\Sensors.Motion.Mpu6050.csproj", "{3DF53F9F-F0AD-40C9-9310-6BC52A17840C}"
EndProject
Project("{9A19103F-16F7-4668-BE54-9A1E7A4F7556}") = "Sensors.Atmospheric.Bme280", "..\..\..\Meadow.Foundation\Source\Meadow.Foundation.Peripherals\Sensors.Atmospheric.Bme280\Driver\Sensors.Atmospheric.Bme280.csproj", "{6B228FCD-FDDD-4880-9C9A-C71953A0A28D}"
EndProject
Project("{9A19103F-16F7-4668-BE54-9A1E7A4F7556}") = "RTCs.Ds1307", "..\..\..\Meadow.Foundation\Source\Meadow.Foundation.Peripherals\RTCs.Ds1307\Driver\RTCs.Ds1307.csproj", "{37271C83-B03D-4CA2-B4F5-80025AD79443}"
EndProject
Project("{9A19103F-16F7-4668-BE54-9A1E7A4F7556}") = "Displays.WinForms", "..\..\..\Meadow.Foundation\Source\Meadow.Foundation.Peripherals\Displays.WinForms\Driver\Displays.WinForms.csproj", "{9B7EEC9E-B304-4B83-8377-83AA3183B83A}"
EndProject
Project("{9A19103F-16F7-4668-BE54-9A1E7A4F7556}") = "Displays.TftSpi", "..\..\..\Meadow.Foundation\Source\Meadow.Foundation.Peripherals\Displays.TftSpi\Driver\Displays.TftSpi.csproj", "{C1AD024A-0AA0-47AA-937A-55B355B018F7}"
EndProject
Project("{9A19103F-16F7-4668-BE54-9A1E7A4F7556}") = "SPI", "IO\SPI\SPI.csproj", "{FE6A3988-CB86-4A17-BCC0-0039F616587D}"
EndProject
Project("{9A19103F-16F7-4668-BE54-9A1E7A4F7556}") = "Keyboard", "IO\Keyboard\Keyboard.csproj", "{06DECD14-49FF-454A-9BB4-7B7622133A1C}"
EndProject
Project("{9A19103F-16F7-4668-BE54-9A1E7A4F7556}") = "Sensors.Hid.Keyboard", "..\..\..\Meadow.Foundation\Source\Meadow.Foundation.Peripherals\Sensors.Hid.Keyboard\Driver\Sensors.Hid.Keyboard.csproj", "{8DC63F41-505E-4BBA-BCA8-844DC9FAB9AB}"
EndProject
Project("{9A19103F-16F7-4668-BE54-9A1E7A4F7556}") = "ModbusRtu", "IO\ModbusRtu\ModbusRtu.csproj", "{AA5093BD-CC02-4A6F-8267-26C1D808E7C5}"
EndProject
Project("{9A19103F-16F7-4668-BE54-9A1E7A4F7556}") = "Meadow.Modbus", "..\..\..\Meadow.Modbus\src\Meadow.Modbus\Meadow.Modbus.csproj", "{CE248BAB-8E0E-460F-A69C-FC69C2EDC9BD}"
EndProject
Project("{9A19103F-16F7-4668-BE54-9A1E7A4F7556}") = "Devices.Thermostats.Tstat8", "..\..\..\Meadow.Foundation\Source\Meadow.Foundation.Peripherals\Devices.Thermostats.Tstat8\Driver\Devices.Thermostats.Tstat8.csproj", "{02BD08FE-A3D7-48DC-B1F6-A13881B9C304}"
EndProject
Global
	GlobalSection(SolutionConfigurationPlatforms) = preSolution
		Debug|Any CPU = Debug|Any CPU
		Release|Any CPU = Release|Any CPU
	EndGlobalSection
	GlobalSection(ProjectConfigurationPlatforms) = postSolution
		{C1F5ED9F-0B18-443D-83B8-C703E833952F}.Debug|Any CPU.ActiveCfg = Debug|Any CPU
		{C1F5ED9F-0B18-443D-83B8-C703E833952F}.Debug|Any CPU.Build.0 = Debug|Any CPU
		{C1F5ED9F-0B18-443D-83B8-C703E833952F}.Debug|Any CPU.Deploy.0 = Debug|Any CPU
		{C1F5ED9F-0B18-443D-83B8-C703E833952F}.Release|Any CPU.ActiveCfg = Release|Any CPU
		{C1F5ED9F-0B18-443D-83B8-C703E833952F}.Release|Any CPU.Build.0 = Release|Any CPU
		{C1F5ED9F-0B18-443D-83B8-C703E833952F}.Release|Any CPU.Deploy.0 = Release|Any CPU
		{741549AA-92DF-40E1-8A58-7CB34252D804}.Debug|Any CPU.ActiveCfg = Debug|Any CPU
		{741549AA-92DF-40E1-8A58-7CB34252D804}.Debug|Any CPU.Build.0 = Debug|Any CPU
		{741549AA-92DF-40E1-8A58-7CB34252D804}.Release|Any CPU.ActiveCfg = Release|Any CPU
		{741549AA-92DF-40E1-8A58-7CB34252D804}.Release|Any CPU.Build.0 = Release|Any CPU
		{D6E9CCBD-F8CB-46D0-8564-2B09F03AF24F}.Debug|Any CPU.ActiveCfg = Debug|Any CPU
		{D6E9CCBD-F8CB-46D0-8564-2B09F03AF24F}.Debug|Any CPU.Build.0 = Debug|Any CPU
		{D6E9CCBD-F8CB-46D0-8564-2B09F03AF24F}.Debug|Any CPU.Deploy.0 = Debug|Any CPU
		{D6E9CCBD-F8CB-46D0-8564-2B09F03AF24F}.Release|Any CPU.ActiveCfg = Release|Any CPU
		{D6E9CCBD-F8CB-46D0-8564-2B09F03AF24F}.Release|Any CPU.Build.0 = Release|Any CPU
		{D6E9CCBD-F8CB-46D0-8564-2B09F03AF24F}.Release|Any CPU.Deploy.0 = Release|Any CPU
		{2EB5E2AC-2CA9-4E2C-B5DA-9BEC17217BC6}.Debug|Any CPU.ActiveCfg = Debug|Any CPU
		{2EB5E2AC-2CA9-4E2C-B5DA-9BEC17217BC6}.Debug|Any CPU.Build.0 = Debug|Any CPU
		{2EB5E2AC-2CA9-4E2C-B5DA-9BEC17217BC6}.Debug|Any CPU.Deploy.0 = Debug|Any CPU
		{2EB5E2AC-2CA9-4E2C-B5DA-9BEC17217BC6}.Release|Any CPU.ActiveCfg = Release|Any CPU
		{2EB5E2AC-2CA9-4E2C-B5DA-9BEC17217BC6}.Release|Any CPU.Build.0 = Release|Any CPU
		{2EB5E2AC-2CA9-4E2C-B5DA-9BEC17217BC6}.Release|Any CPU.Deploy.0 = Release|Any CPU
		{7A7C0AC6-9D9C-4118-B062-519B816BE29C}.Debug|Any CPU.ActiveCfg = Debug|Any CPU
		{7A7C0AC6-9D9C-4118-B062-519B816BE29C}.Debug|Any CPU.Build.0 = Debug|Any CPU
		{7A7C0AC6-9D9C-4118-B062-519B816BE29C}.Release|Any CPU.ActiveCfg = Release|Any CPU
		{7A7C0AC6-9D9C-4118-B062-519B816BE29C}.Release|Any CPU.Build.0 = Release|Any CPU
		{0B7F9081-A05C-4012-97ED-7C7A207D4EA5}.Debug|Any CPU.ActiveCfg = Debug|Any CPU
		{0B7F9081-A05C-4012-97ED-7C7A207D4EA5}.Debug|Any CPU.Build.0 = Debug|Any CPU
		{0B7F9081-A05C-4012-97ED-7C7A207D4EA5}.Debug|Any CPU.Deploy.0 = Debug|Any CPU
		{0B7F9081-A05C-4012-97ED-7C7A207D4EA5}.Release|Any CPU.ActiveCfg = Release|Any CPU
		{0B7F9081-A05C-4012-97ED-7C7A207D4EA5}.Release|Any CPU.Build.0 = Release|Any CPU
		{0B7F9081-A05C-4012-97ED-7C7A207D4EA5}.Release|Any CPU.Deploy.0 = Release|Any CPU
		{285BE7BF-7437-4A79-AA8F-11D1296580C2}.Debug|Any CPU.ActiveCfg = Debug|Any CPU
		{285BE7BF-7437-4A79-AA8F-11D1296580C2}.Debug|Any CPU.Build.0 = Debug|Any CPU
		{285BE7BF-7437-4A79-AA8F-11D1296580C2}.Release|Any CPU.ActiveCfg = Release|Any CPU
		{285BE7BF-7437-4A79-AA8F-11D1296580C2}.Release|Any CPU.Build.0 = Release|Any CPU
		{3B404CFB-EAD7-4124-B1DF-68284FC6AB61}.Debug|Any CPU.ActiveCfg = Debug|Any CPU
		{3B404CFB-EAD7-4124-B1DF-68284FC6AB61}.Debug|Any CPU.Build.0 = Debug|Any CPU
		{3B404CFB-EAD7-4124-B1DF-68284FC6AB61}.Release|Any CPU.ActiveCfg = Release|Any CPU
		{3B404CFB-EAD7-4124-B1DF-68284FC6AB61}.Release|Any CPU.Build.0 = Release|Any CPU
		{A395133A-2820-480E-83E5-159FB54D8959}.Debug|Any CPU.ActiveCfg = Debug|Any CPU
		{A395133A-2820-480E-83E5-159FB54D8959}.Debug|Any CPU.Build.0 = Debug|Any CPU
		{A395133A-2820-480E-83E5-159FB54D8959}.Release|Any CPU.ActiveCfg = Release|Any CPU
		{A395133A-2820-480E-83E5-159FB54D8959}.Release|Any CPU.Build.0 = Release|Any CPU
		{53AE05DE-134E-45BA-9AFA-60B6E1824B06}.Debug|Any CPU.ActiveCfg = Debug|Any CPU
		{53AE05DE-134E-45BA-9AFA-60B6E1824B06}.Debug|Any CPU.Build.0 = Debug|Any CPU
		{53AE05DE-134E-45BA-9AFA-60B6E1824B06}.Debug|Any CPU.Deploy.0 = Debug|Any CPU
		{53AE05DE-134E-45BA-9AFA-60B6E1824B06}.Release|Any CPU.ActiveCfg = Release|Any CPU
		{53AE05DE-134E-45BA-9AFA-60B6E1824B06}.Release|Any CPU.Build.0 = Release|Any CPU
		{53AE05DE-134E-45BA-9AFA-60B6E1824B06}.Release|Any CPU.Deploy.0 = Release|Any CPU
		{2F19CA09-A73F-4D23-B61C-58823841A87F}.Debug|Any CPU.ActiveCfg = Debug|Any CPU
		{2F19CA09-A73F-4D23-B61C-58823841A87F}.Debug|Any CPU.Build.0 = Debug|Any CPU
		{2F19CA09-A73F-4D23-B61C-58823841A87F}.Debug|Any CPU.Deploy.0 = Debug|Any CPU
		{2F19CA09-A73F-4D23-B61C-58823841A87F}.Release|Any CPU.ActiveCfg = Release|Any CPU
		{2F19CA09-A73F-4D23-B61C-58823841A87F}.Release|Any CPU.Build.0 = Release|Any CPU
		{2F19CA09-A73F-4D23-B61C-58823841A87F}.Release|Any CPU.Deploy.0 = Release|Any CPU
		{CAEE04D2-E489-4EA4-AD73-BE7FCC580438}.Debug|Any CPU.ActiveCfg = Debug|Any CPU
		{CAEE04D2-E489-4EA4-AD73-BE7FCC580438}.Debug|Any CPU.Build.0 = Debug|Any CPU
		{CAEE04D2-E489-4EA4-AD73-BE7FCC580438}.Release|Any CPU.ActiveCfg = Release|Any CPU
		{CAEE04D2-E489-4EA4-AD73-BE7FCC580438}.Release|Any CPU.Build.0 = Release|Any CPU
		{6D9FE81B-8769-4F00-A6E3-9E037A8318CB}.Debug|Any CPU.ActiveCfg = Debug|Any CPU
		{6D9FE81B-8769-4F00-A6E3-9E037A8318CB}.Debug|Any CPU.Build.0 = Debug|Any CPU
		{6D9FE81B-8769-4F00-A6E3-9E037A8318CB}.Debug|Any CPU.Deploy.0 = Debug|Any CPU
		{6D9FE81B-8769-4F00-A6E3-9E037A8318CB}.Release|Any CPU.ActiveCfg = Release|Any CPU
		{6D9FE81B-8769-4F00-A6E3-9E037A8318CB}.Release|Any CPU.Build.0 = Release|Any CPU
		{6D9FE81B-8769-4F00-A6E3-9E037A8318CB}.Release|Any CPU.Deploy.0 = Release|Any CPU
		{3DF53F9F-F0AD-40C9-9310-6BC52A17840C}.Debug|Any CPU.ActiveCfg = Debug|Any CPU
		{3DF53F9F-F0AD-40C9-9310-6BC52A17840C}.Debug|Any CPU.Build.0 = Debug|Any CPU
		{3DF53F9F-F0AD-40C9-9310-6BC52A17840C}.Debug|Any CPU.Deploy.0 = Debug|Any CPU
		{3DF53F9F-F0AD-40C9-9310-6BC52A17840C}.Release|Any CPU.ActiveCfg = Release|Any CPU
		{3DF53F9F-F0AD-40C9-9310-6BC52A17840C}.Release|Any CPU.Build.0 = Release|Any CPU
		{3DF53F9F-F0AD-40C9-9310-6BC52A17840C}.Release|Any CPU.Deploy.0 = Release|Any CPU
		{6B228FCD-FDDD-4880-9C9A-C71953A0A28D}.Debug|Any CPU.ActiveCfg = Debug|Any CPU
		{6B228FCD-FDDD-4880-9C9A-C71953A0A28D}.Debug|Any CPU.Build.0 = Debug|Any CPU
		{6B228FCD-FDDD-4880-9C9A-C71953A0A28D}.Debug|Any CPU.Deploy.0 = Debug|Any CPU
		{6B228FCD-FDDD-4880-9C9A-C71953A0A28D}.Release|Any CPU.ActiveCfg = Release|Any CPU
		{6B228FCD-FDDD-4880-9C9A-C71953A0A28D}.Release|Any CPU.Build.0 = Release|Any CPU
		{6B228FCD-FDDD-4880-9C9A-C71953A0A28D}.Release|Any CPU.Deploy.0 = Release|Any CPU
		{37271C83-B03D-4CA2-B4F5-80025AD79443}.Debug|Any CPU.ActiveCfg = Debug|Any CPU
		{37271C83-B03D-4CA2-B4F5-80025AD79443}.Debug|Any CPU.Build.0 = Debug|Any CPU
		{37271C83-B03D-4CA2-B4F5-80025AD79443}.Debug|Any CPU.Deploy.0 = Debug|Any CPU
		{37271C83-B03D-4CA2-B4F5-80025AD79443}.Release|Any CPU.ActiveCfg = Release|Any CPU
		{37271C83-B03D-4CA2-B4F5-80025AD79443}.Release|Any CPU.Build.0 = Release|Any CPU
		{37271C83-B03D-4CA2-B4F5-80025AD79443}.Release|Any CPU.Deploy.0 = Release|Any CPU
		{9B7EEC9E-B304-4B83-8377-83AA3183B83A}.Debug|Any CPU.ActiveCfg = Debug|Any CPU
		{9B7EEC9E-B304-4B83-8377-83AA3183B83A}.Debug|Any CPU.Build.0 = Debug|Any CPU
		{9B7EEC9E-B304-4B83-8377-83AA3183B83A}.Release|Any CPU.ActiveCfg = Release|Any CPU
		{9B7EEC9E-B304-4B83-8377-83AA3183B83A}.Release|Any CPU.Build.0 = Release|Any CPU
		{C1AD024A-0AA0-47AA-937A-55B355B018F7}.Debug|Any CPU.ActiveCfg = Debug|Any CPU
		{C1AD024A-0AA0-47AA-937A-55B355B018F7}.Debug|Any CPU.Build.0 = Debug|Any CPU
		{C1AD024A-0AA0-47AA-937A-55B355B018F7}.Debug|Any CPU.Deploy.0 = Debug|Any CPU
		{C1AD024A-0AA0-47AA-937A-55B355B018F7}.Release|Any CPU.ActiveCfg = Release|Any CPU
		{C1AD024A-0AA0-47AA-937A-55B355B018F7}.Release|Any CPU.Build.0 = Release|Any CPU
		{C1AD024A-0AA0-47AA-937A-55B355B018F7}.Release|Any CPU.Deploy.0 = Release|Any CPU
		{FE6A3988-CB86-4A17-BCC0-0039F616587D}.Debug|Any CPU.ActiveCfg = Debug|Any CPU
		{FE6A3988-CB86-4A17-BCC0-0039F616587D}.Debug|Any CPU.Build.0 = Debug|Any CPU
		{FE6A3988-CB86-4A17-BCC0-0039F616587D}.Release|Any CPU.ActiveCfg = Release|Any CPU
		{FE6A3988-CB86-4A17-BCC0-0039F616587D}.Release|Any CPU.Build.0 = Release|Any CPU
		{06DECD14-49FF-454A-9BB4-7B7622133A1C}.Debug|Any CPU.ActiveCfg = Debug|Any CPU
		{06DECD14-49FF-454A-9BB4-7B7622133A1C}.Debug|Any CPU.Build.0 = Debug|Any CPU
		{06DECD14-49FF-454A-9BB4-7B7622133A1C}.Release|Any CPU.ActiveCfg = Release|Any CPU
		{06DECD14-49FF-454A-9BB4-7B7622133A1C}.Release|Any CPU.Build.0 = Release|Any CPU
		{8DC63F41-505E-4BBA-BCA8-844DC9FAB9AB}.Debug|Any CPU.ActiveCfg = Debug|Any CPU
		{8DC63F41-505E-4BBA-BCA8-844DC9FAB9AB}.Debug|Any CPU.Build.0 = Debug|Any CPU
		{8DC63F41-505E-4BBA-BCA8-844DC9FAB9AB}.Debug|Any CPU.Deploy.0 = Debug|Any CPU
		{8DC63F41-505E-4BBA-BCA8-844DC9FAB9AB}.Release|Any CPU.ActiveCfg = Release|Any CPU
		{8DC63F41-505E-4BBA-BCA8-844DC9FAB9AB}.Release|Any CPU.Build.0 = Release|Any CPU
		{8DC63F41-505E-4BBA-BCA8-844DC9FAB9AB}.Release|Any CPU.Deploy.0 = Release|Any CPU
		{AA5093BD-CC02-4A6F-8267-26C1D808E7C5}.Debug|Any CPU.ActiveCfg = Debug|Any CPU
		{AA5093BD-CC02-4A6F-8267-26C1D808E7C5}.Debug|Any CPU.Build.0 = Debug|Any CPU
		{AA5093BD-CC02-4A6F-8267-26C1D808E7C5}.Release|Any CPU.ActiveCfg = Release|Any CPU
		{AA5093BD-CC02-4A6F-8267-26C1D808E7C5}.Release|Any CPU.Build.0 = Release|Any CPU
		{CE248BAB-8E0E-460F-A69C-FC69C2EDC9BD}.Debug|Any CPU.ActiveCfg = Debug|Any CPU
		{CE248BAB-8E0E-460F-A69C-FC69C2EDC9BD}.Debug|Any CPU.Build.0 = Debug|Any CPU
		{CE248BAB-8E0E-460F-A69C-FC69C2EDC9BD}.Release|Any CPU.ActiveCfg = Release|Any CPU
		{CE248BAB-8E0E-460F-A69C-FC69C2EDC9BD}.Release|Any CPU.Build.0 = Release|Any CPU
		{02BD08FE-A3D7-48DC-B1F6-A13881B9C304}.Debug|Any CPU.ActiveCfg = Debug|Any CPU
		{02BD08FE-A3D7-48DC-B1F6-A13881B9C304}.Debug|Any CPU.Build.0 = Debug|Any CPU
		{02BD08FE-A3D7-48DC-B1F6-A13881B9C304}.Debug|Any CPU.Deploy.0 = Debug|Any CPU
		{02BD08FE-A3D7-48DC-B1F6-A13881B9C304}.Release|Any CPU.ActiveCfg = Release|Any CPU
		{02BD08FE-A3D7-48DC-B1F6-A13881B9C304}.Release|Any CPU.Build.0 = Release|Any CPU
		{02BD08FE-A3D7-48DC-B1F6-A13881B9C304}.Release|Any CPU.Deploy.0 = Release|Any CPU
	EndGlobalSection
	GlobalSection(SolutionProperties) = preSolution
		HideSolutionNode = FALSE
	EndGlobalSection
	GlobalSection(NestedProjects) = preSolution
		{C1F5ED9F-0B18-443D-83B8-C703E833952F} = {2EDC8049-733E-4AEC-92F1-893E6A9A53E5}
		{741549AA-92DF-40E1-8A58-7CB34252D804} = {2EDC8049-733E-4AEC-92F1-893E6A9A53E5}
		{D6E9CCBD-F8CB-46D0-8564-2B09F03AF24F} = {2EDC8049-733E-4AEC-92F1-893E6A9A53E5}
		{2EB5E2AC-2CA9-4E2C-B5DA-9BEC17217BC6} = {2EDC8049-733E-4AEC-92F1-893E6A9A53E5}
		{7A7C0AC6-9D9C-4118-B062-519B816BE29C} = {2EDC8049-733E-4AEC-92F1-893E6A9A53E5}
		{0B7F9081-A05C-4012-97ED-7C7A207D4EA5} = {2EDC8049-733E-4AEC-92F1-893E6A9A53E5}
		{285BE7BF-7437-4A79-AA8F-11D1296580C2} = {DF4E42E7-7E84-474F-A8BA-903DA6A71A84}
		{3B404CFB-EAD7-4124-B1DF-68284FC6AB61} = {DF4E42E7-7E84-474F-A8BA-903DA6A71A84}
		{A395133A-2820-480E-83E5-159FB54D8959} = {C4C395D2-B493-454A-84DC-E125FE9BC6B9}
		{53AE05DE-134E-45BA-9AFA-60B6E1824B06} = {2EDC8049-733E-4AEC-92F1-893E6A9A53E5}
		{2F19CA09-A73F-4D23-B61C-58823841A87F} = {2EDC8049-733E-4AEC-92F1-893E6A9A53E5}
		{CAEE04D2-E489-4EA4-AD73-BE7FCC580438} = {DF4E42E7-7E84-474F-A8BA-903DA6A71A84}
		{6D9FE81B-8769-4F00-A6E3-9E037A8318CB} = {2EDC8049-733E-4AEC-92F1-893E6A9A53E5}
		{3DF53F9F-F0AD-40C9-9310-6BC52A17840C} = {2EDC8049-733E-4AEC-92F1-893E6A9A53E5}
		{6B228FCD-FDDD-4880-9C9A-C71953A0A28D} = {2EDC8049-733E-4AEC-92F1-893E6A9A53E5}
		{37271C83-B03D-4CA2-B4F5-80025AD79443} = {2EDC8049-733E-4AEC-92F1-893E6A9A53E5}
		{9B7EEC9E-B304-4B83-8377-83AA3183B83A} = {2EDC8049-733E-4AEC-92F1-893E6A9A53E5}
		{C1AD024A-0AA0-47AA-937A-55B355B018F7} = {2EDC8049-733E-4AEC-92F1-893E6A9A53E5}
		{FE6A3988-CB86-4A17-BCC0-0039F616587D} = {DF4E42E7-7E84-474F-A8BA-903DA6A71A84}
		{06DECD14-49FF-454A-9BB4-7B7622133A1C} = {DF4E42E7-7E84-474F-A8BA-903DA6A71A84}
		{8DC63F41-505E-4BBA-BCA8-844DC9FAB9AB} = {2EDC8049-733E-4AEC-92F1-893E6A9A53E5}
		{AA5093BD-CC02-4A6F-8267-26C1D808E7C5} = {DF4E42E7-7E84-474F-A8BA-903DA6A71A84}
		{CE248BAB-8E0E-460F-A69C-FC69C2EDC9BD} = {2EDC8049-733E-4AEC-92F1-893E6A9A53E5}
		{02BD08FE-A3D7-48DC-B1F6-A13881B9C304} = {2EDC8049-733E-4AEC-92F1-893E6A9A53E5}
	EndGlobalSection
	GlobalSection(ExtensibilityGlobals) = postSolution
		SolutionGuid = {6B727D8B-A918-479F-8D18-98A83CE51645}
	EndGlobalSection
EndGlobal
