
Microsoft Visual Studio Solution File, Format Version 12.00
# Visual Studio 15
Project("{FAE04EC0-301F-11D3-BF4B-00C04F79EFBC}") = "Basic_Tasks", "Basic_Tasks.csproj", "{34782FE1-91BA-40AB-B0FE-3A54C30D3E1F}"
EndProject
Global
	GlobalSection(SolutionConfigurationPlatforms) = preSolution
		Debug|Any CPU = Debug|Any CPU
		Release|Any CPU = Release|Any CPU
	EndGlobalSection
	GlobalSection(ProjectConfigurationPlatforms) = postSolution
		{34782FE1-91BA-40AB-B0FE-3A54C30D3E1F}.Debug|Any CPU.ActiveCfg = Debug|Any CPU
		{34782FE1-91BA-40AB-B0FE-3A54C30D3E1F}.Debug|Any CPU.Build.0 = Debug|Any CPU
		{34782FE1-91BA-40AB-B0FE-3A54C30D3E1F}.Release|Any CPU.ActiveCfg = Release|Any CPU
		{34782FE1-91BA-40AB-B0FE-3A54C30D3E1F}.Release|Any CPU.Build.0 = Release|Any CPU
	EndGlobalSection
EndGlobal
