Microsoft Visual Studio Solution File, Format Version 12.00
# Visual Studio Version 17
VisualStudioVersion = 17.0.32126.317
MinimumVisualStudioVersion = 10.0.40219.1
Project("{2150E333-8FDC-42A3-9474-1A3956D46DE8}") = "IO", "IO", "{234C2A00-F5E8-4E3D-899F-7EC3470B03E0}"
EndProject
Project("{9A19103F-16F7-4668-BE54-9A1E7A4F7556}") = "AnalogInputPort", "IO\AnalogInputPort\AnalogInputPort.csproj", "{029A1DE8-CE15-4B04-81DC-3470156D0340}"
EndProject
Project("{9A19103F-16F7-4668-BE54-9A1E7A4F7556}") = "BiDirectonalPort", "IO\BiDirectonalPort\BiDirectonalPort.csproj", "{71571663-A35C-403A-9511-F36FAE91694B}"
EndProject
Project("{9A19103F-16F7-4668-BE54-9A1E7A4F7556}") = "DigitalInputPort", "IO\DigitalInputPort\DigitalInputPort.csproj", "{3173C381-839B-4458-A2E9-D2EF326ACF2D}"
EndProject
Project("{9A19103F-16F7-4668-BE54-9A1E7A4F7556}") = "I2C", "IO\I2C\I2C.csproj", "{FC0409C2-669C-4AEE-A3E5-F9223683B5EE}"
EndProject
Project("{9A19103F-16F7-4668-BE54-9A1E7A4F7556}") = "PWM", "IO\PWM\PWM.csproj", "{95314D29-B049-41B2-9392-046C7BA087F2}"
EndProject
Project("{9A19103F-16F7-4668-BE54-9A1E7A4F7556}") = "SerialListener", "IO\SerialListener\SerialListener.csproj", "{3E0A6B57-8D6B-4F37-9EB0-69B07703D0EA}"
EndProject
Project("{9A19103F-16F7-4668-BE54-9A1E7A4F7556}") = "SerialMessagePort", "IO\SerialMessagePort\SerialMessagePort.csproj", "{2C3575DB-7780-4CF5-85DF-5CE97FC31A9F}"
EndProject
Project("{9A19103F-16F7-4668-BE54-9A1E7A4F7556}") = "SerialPort", "IO\SerialPort\SerialPort.csproj", "{17D6B681-F2AB-4420-A02F-6B3EEC264175}"
EndProject
Project("{9A19103F-16F7-4668-BE54-9A1E7A4F7556}") = "SerialPort_Echo", "IO\SerialPort_Echo\SerialPort_Echo.csproj", "{1FCC5969-83D6-464E-A621-0122CB4FDEE8}"
EndProject
Project("{2150E333-8FDC-42A3-9474-1A3956D46DE8}") = "Board_Specific_Samples", "Board_Specific_Samples", "{0BE529A3-6BDD-42AA-8516-144CAFE1AC4E}"
EndProject
Project("{2150E333-8FDC-42A3-9474-1A3956D46DE8}") = "OS", "OS", "{8D279C3D-43E8-4823-9D33-682231D1A48D}"
EndProject
Project("{9A19103F-16F7-4668-BE54-9A1E7A4F7556}") = "RealTimeClock", "OS\RealTimeClock\RealTimeClock.csproj", "{FD127397-8269-4094-8792-54D0E69CC4EB}"
EndProject
Project("{9A19103F-16F7-4668-BE54-9A1E7A4F7556}") = "Threading_Basics", "OS\Threading\Threading_Basics.csproj", "{502797E9-BF7D-460F-8467-AE8646E64BBB}"
EndProject
Project("{9A19103F-16F7-4668-BE54-9A1E7A4F7556}") = "Tasks_Basics", "OS\Threading.Tasks\Tasks_Basics.csproj", "{67BD4E4C-9EB2-49CE-B071-D114CF77253A}"
EndProject
Project("{2150E333-8FDC-42A3-9474-1A3956D46DE8}") = "F7_Micro", "F7_Micro", "{470D41EF-4884-4D8A-9E38-C5FC727023D0}"
EndProject
Project("{2150E333-8FDC-42A3-9474-1A3956D46DE8}") = "F7_Embedded", "F7_Embedded", "{93EA3696-15A6-4F2C-AE64-295A651B534E}"
EndProject
Project("{9A19103F-16F7-4668-BE54-9A1E7A4F7556}") = "Walking_DigitalOutputs", "Board_Specific_Samples\F7_Micro\Walking_DigitalOutputs\Walking_DigitalOutputs.csproj", "{E8407C33-AED5-44A4-96A5-974E7A954E11}"
EndProject
Project("{2150E333-8FDC-42A3-9474-1A3956D46DE8}") = "Utilities", "Utilities", "{78162874-E723-4C4D-82EF-0FE2257B03D1}"
EndProject
Project("{9A19103F-16F7-4668-BE54-9A1E7A4F7556}") = "Walking_DigitalOutputs", "Utilities\Walking_DigitalOutputs\Walking_DigitalOutputs.csproj", "{DE131C41-0928-41AC-AFC4-72F0BA61E7F8}"
EndProject
Project("{9A19103F-16F7-4668-BE54-9A1E7A4F7556}") = "F7_Micro_Board_Diagnostics", "Board_Specific_Samples\F7_Micro\F7_Micro_Board_Diagnostics\F7_Micro_Board_Diagnostics.csproj", "{3EC4C5CD-A0E7-4A2A-9EAF-19D9D0739CB2}"
EndProject
Project("{2150E333-8FDC-42A3-9474-1A3956D46DE8}") = "Network", "Network", "{DD274BA7-34B7-40E2-B650-4CA6245CCBCA}"
EndProject
Project("{9A19103F-16F7-4668-BE54-9A1E7A4F7556}") = "Hello_LED", "IO\Hello_LED\Hello_LED.csproj", "{9A60640E-2654-4933-A800-5EC0715D4255}"
EndProject
Project("{9A19103F-16F7-4668-BE54-9A1E7A4F7556}") = "Watchdog", "OS\Watchdog\Watchdog.csproj", "{52F9F1F5-4FFE-4554-8E67-AF77B499D5AC}"
EndProject
Project("{9A19103F-16F7-4668-BE54-9A1E7A4F7556}") = "Antenna_Switching", "Network\Antenna_Switching\Antenna_Switching.csproj", "{BD76718C-7B1D-49D9-B62C-7D1BC0F10B51}"
EndProject
Project("{9A19103F-16F7-4668-BE54-9A1E7A4F7556}") = "HttpListener_Basics", "Network\HttpListener_Basics\HttpListener_Basics.csproj", "{2E9D34F4-7367-4F3D-851B-AE79115DE8AE}"
EndProject
Project("{9A19103F-16F7-4668-BE54-9A1E7A4F7556}") = "BatteryLevel", "OS\BatteryLevel\BatteryLevel.csproj", "{64CF81A3-8CA4-4E54-99C1-5F3BFF3815CB}"
EndProject
Project("{2150E333-8FDC-42A3-9474-1A3956D46DE8}") = "Bluetooth", "Bluetooth", "{4E2D7F5C-9AF1-452A-A415-2967E5433843}"
EndProject
Project("{9A19103F-16F7-4668-BE54-9A1E7A4F7556}") = "McuTemp", "OS\McuTemp\McuTemp.csproj", "{85681433-FB37-4A95-AC8B-B5B84803BD0E}"
EndProject
Project("{9A19103F-16F7-4668-BE54-9A1E7A4F7556}") = "Bluetooth_Basics", "Bluetooth\Bluetooth_Basics\CS\Bluetooth_Basics.csproj", "{1BAC6FDB-3273-4C6B-9DB2-034D36FC021F}"
EndProject
Project("{9A19103F-16F7-4668-BE54-9A1E7A4F7556}") = "FileSystem_Basics", "OS\FileSystem_Basics\CS\FileSystem_Basics.csproj", "{2E9E1A0B-2472-4A41-92E5-556D621D07DC}"
EndProject
Project("{9A19103F-16F7-4668-BE54-9A1E7A4F7556}") = "SQLite_Sample", "OS\SQLite\CS\SQLite_Sample.csproj", "{03B6B389-CC11-44CC-94CE-6C60EF78C871}"
EndProject
Project("{9A19103F-16F7-4668-BE54-9A1E7A4F7556}") = "BeginInvokeOnMainThread", "OS\BeginInvokeOnMainThread\BeginInvokeOnMainThread.csproj", "{0282BC08-332E-4EF8-AC9A-B747ABF90E99}"
EndProject
Project("{9A19103F-16F7-4668-BE54-9A1E7A4F7556}") = "GpioInterrogation", "IO\GpioInterrogation\GpioInterrogation.csproj", "{826A5F4E-63D6-4886-9602-F48515AE23F5}"
EndProject
Project("{9A19103F-16F7-4668-BE54-9A1E7A4F7556}") = "Config_Files", "OS\Config_Files\Config_Files.csproj", "{EA81E5E9-78B0-41FF-BDCD-1E76897A8EEF}"
EndProject
Project("{9A19103F-16F7-4668-BE54-9A1E7A4F7556}") = "Counter", "IO\Counter\Counter.csproj", "{D343696F-5426-4BDD-AF33-CCAE726E2610}"
EndProject
Project("{9A19103F-16F7-4668-BE54-9A1E7A4F7556}") = "Power_Manager", "OS\Power_Manager\Power_Manager.csproj", "{046DAA14-B710-4120-9FBC-3150B713C8B3}"
EndProject
Project("{9A19103F-16F7-4668-BE54-9A1E7A4F7556}") = "Update", "OS\Update\Update.csproj", "{6DCBF099-6573-47DC-A03F-D6B327DD0003}"
EndProject
Project("{2150E333-8FDC-42A3-9474-1A3956D46DE8}") = "Blinky", "Blinky", "{1DEF3B3A-E090-4FAE-8BD0-BC7BF9061A59}"
EndProject
Project("{9A19103F-16F7-4668-BE54-9A1E7A4F7556}") = "BlinkyCS", "Blinky\BlinkyCS\BlinkyCS.csproj", "{2BCE1E22-200A-41A6-8BC7-D839BCC88A81}"
EndProject
Project("{6EC3EE1D-3C4E-46DD-8F32-0CC8E7565705}") = "BlinkyFS", "Blinky\BlinkyFS\BlinkyFS.fsproj", "{858C6C02-DD13-4150-8682-2FB2068A6EDE}"
EndProject
Project("{9A19103F-16F7-4668-BE54-9A1E7A4F7556}") = "WiFi_Basics", "Network\WiFi_Basics\CS\WiFi_Basics.csproj", "{655C96AB-1006-4F8E-B4DD-57F28FC7004C}"
EndProject
Project("{9A19103F-16F7-4668-BE54-9A1E7A4F7556}") = "SDCard", "OS\SDCard\CS\SDCard.csproj", "{C9427199-AC09-4A65-987B-CC58537D7B3A}"
EndProject
Project("{778DAE3C-4631-46EA-AA77-85C1314464D9}") = "BlinkyVB", "Blinky\BlinkyVB\BlinkyVB.vbproj", "{6690CA85-DBC9-4210-9D2D-0B2EA8CAA27A}"
EndProject
Project("{9A19103F-16F7-4668-BE54-9A1E7A4F7556}") = "CoreComputeBreakout", "Board_Specific_Samples\CoreComputeBreakout\CoreComputeBreakout.csproj", "{37D3F336-0FC8-41CA-BA57-976AC26A7588}"
EndProject
Project("{9A19103F-16F7-4668-BE54-9A1E7A4F7556}") = "Resolver_Services", "OS\Resolver_Services\Resolver_Services.csproj", "{09CB4F67-BEF3-4826-B74F-2112D84636F4}"
EndProject
Project("{9A19103F-16F7-4668-BE54-9A1E7A4F7556}") = "Json_Basics", "OS\Json_Basics\Json_Basics.csproj", "{5C76EDF1-45CA-4791-833D-4C52CB609FAC}"
EndProject
Project("{9A19103F-16F7-4668-BE54-9A1E7A4F7556}") = "ChargeState", "OS\ChargeState\ChargeState.csproj", "{DB7F472B-A997-4873-A44D-81C06FDE26BE}"
EndProject
Project("{9A19103F-16F7-4668-BE54-9A1E7A4F7556}") = "OS_Telemetry", "OS\OS_Telemetry\OS_Telemetry.csproj", "{F00D3CE4-803C-47E2-A34A-CB02AEF06454}"
EndProject
Project("{2150E333-8FDC-42A3-9474-1A3956D46DE8}") = "Cellular", "Cellular", "{1A8C277C-CD42-4C96-A372-582053CA8A4F}"
EndProject
Project("{9A19103F-16F7-4668-BE54-9A1E7A4F7556}") = "Cell_Basics", "Cellular\Cell_Basics\Cell_Basics.csproj", "{95117C8F-3EF0-4ADE-95C9-2493ED7802B7}"
EndProject
Project("{9A19103F-16F7-4668-BE54-9A1E7A4F7556}") = "AnalogInputArray", "IO\AnalogInputArray\AnalogInputArray.csproj", "{AE2672BE-20B0-494C-BE72-81B79A02774E}"
EndProject
Project("{9A19103F-16F7-4668-BE54-9A1E7A4F7556}") = "WiFi_Config", "Network\WiFi_Config\WiFi_Config.csproj", "{08FC5DC4-C3C1-4661-BF66-DCA791CB0101}"
EndProject
Project("{9A19103F-16F7-4668-BE54-9A1E7A4F7556}") = "DigitalInterruptPort_Basics", "IO\DigitalInterruptPort_Basics\DigitalInterruptPort_Basics.csproj", "{4DCEC7AD-4317-4CB5-84C0-38675E2C13EB}"
EndProject
Project("{9A19103F-16F7-4668-BE54-9A1E7A4F7556}") = "WakeOnInterrupt", "IO\WakeOnInterrupt\WakeOnInterrupt.csproj", "{0FD2CD47-8D3C-463D-B215-67A89ED789A8}"
EndProject
Project("{9A19103F-16F7-4668-BE54-9A1E7A4F7556}") = "NtpSample", "OS\NTP\NtpSample.csproj", "{7CC98421-3EBD-4D9C-88D3-93E04B1C5163}"
EndProject
Project("{9A19103F-16F7-4668-BE54-9A1E7A4F7556}") = "Ethernet_Basics", "Network\Ethernet_Basics\Ethernet_Basics.csproj", "{BF259B2E-7553-4C49-93F1-3718FEBE6395}"
EndProject
Global
	GlobalSection(SolutionConfigurationPlatforms) = preSolution
		Debug|Any CPU = Debug|Any CPU
		Release|Any CPU = Release|Any CPU
	EndGlobalSection
	GlobalSection(ProjectConfigurationPlatforms) = postSolution
		{029A1DE8-CE15-4B04-81DC-3470156D0340}.Debug|Any CPU.ActiveCfg = Debug|Any CPU
		{029A1DE8-CE15-4B04-81DC-3470156D0340}.Debug|Any CPU.Build.0 = Debug|Any CPU
		{029A1DE8-CE15-4B04-81DC-3470156D0340}.Release|Any CPU.ActiveCfg = Release|Any CPU
		{029A1DE8-CE15-4B04-81DC-3470156D0340}.Release|Any CPU.Build.0 = Release|Any CPU
		{71571663-A35C-403A-9511-F36FAE91694B}.Debug|Any CPU.ActiveCfg = Debug|Any CPU
		{71571663-A35C-403A-9511-F36FAE91694B}.Debug|Any CPU.Build.0 = Debug|Any CPU
		{71571663-A35C-403A-9511-F36FAE91694B}.Release|Any CPU.ActiveCfg = Release|Any CPU
		{71571663-A35C-403A-9511-F36FAE91694B}.Release|Any CPU.Build.0 = Release|Any CPU
		{3173C381-839B-4458-A2E9-D2EF326ACF2D}.Debug|Any CPU.ActiveCfg = Debug|Any CPU
		{3173C381-839B-4458-A2E9-D2EF326ACF2D}.Debug|Any CPU.Build.0 = Debug|Any CPU
		{3173C381-839B-4458-A2E9-D2EF326ACF2D}.Release|Any CPU.ActiveCfg = Release|Any CPU
		{3173C381-839B-4458-A2E9-D2EF326ACF2D}.Release|Any CPU.Build.0 = Release|Any CPU
		{FC0409C2-669C-4AEE-A3E5-F9223683B5EE}.Debug|Any CPU.ActiveCfg = Debug|Any CPU
		{FC0409C2-669C-4AEE-A3E5-F9223683B5EE}.Debug|Any CPU.Build.0 = Debug|Any CPU
		{FC0409C2-669C-4AEE-A3E5-F9223683B5EE}.Release|Any CPU.ActiveCfg = Release|Any CPU
		{FC0409C2-669C-4AEE-A3E5-F9223683B5EE}.Release|Any CPU.Build.0 = Release|Any CPU
		{95314D29-B049-41B2-9392-046C7BA087F2}.Debug|Any CPU.ActiveCfg = Debug|Any CPU
		{95314D29-B049-41B2-9392-046C7BA087F2}.Debug|Any CPU.Build.0 = Debug|Any CPU
		{95314D29-B049-41B2-9392-046C7BA087F2}.Release|Any CPU.ActiveCfg = Release|Any CPU
		{95314D29-B049-41B2-9392-046C7BA087F2}.Release|Any CPU.Build.0 = Release|Any CPU
		{3E0A6B57-8D6B-4F37-9EB0-69B07703D0EA}.Debug|Any CPU.ActiveCfg = Debug|Any CPU
		{3E0A6B57-8D6B-4F37-9EB0-69B07703D0EA}.Debug|Any CPU.Build.0 = Debug|Any CPU
		{3E0A6B57-8D6B-4F37-9EB0-69B07703D0EA}.Release|Any CPU.ActiveCfg = Release|Any CPU
		{3E0A6B57-8D6B-4F37-9EB0-69B07703D0EA}.Release|Any CPU.Build.0 = Release|Any CPU
		{2C3575DB-7780-4CF5-85DF-5CE97FC31A9F}.Debug|Any CPU.ActiveCfg = Debug|Any CPU
		{2C3575DB-7780-4CF5-85DF-5CE97FC31A9F}.Debug|Any CPU.Build.0 = Debug|Any CPU
		{2C3575DB-7780-4CF5-85DF-5CE97FC31A9F}.Release|Any CPU.ActiveCfg = Release|Any CPU
		{2C3575DB-7780-4CF5-85DF-5CE97FC31A9F}.Release|Any CPU.Build.0 = Release|Any CPU
		{17D6B681-F2AB-4420-A02F-6B3EEC264175}.Debug|Any CPU.ActiveCfg = Debug|Any CPU
		{17D6B681-F2AB-4420-A02F-6B3EEC264175}.Debug|Any CPU.Build.0 = Debug|Any CPU
		{17D6B681-F2AB-4420-A02F-6B3EEC264175}.Release|Any CPU.ActiveCfg = Release|Any CPU
		{17D6B681-F2AB-4420-A02F-6B3EEC264175}.Release|Any CPU.Build.0 = Release|Any CPU
		{1FCC5969-83D6-464E-A621-0122CB4FDEE8}.Debug|Any CPU.ActiveCfg = Debug|Any CPU
		{1FCC5969-83D6-464E-A621-0122CB4FDEE8}.Debug|Any CPU.Build.0 = Debug|Any CPU
		{1FCC5969-83D6-464E-A621-0122CB4FDEE8}.Release|Any CPU.ActiveCfg = Release|Any CPU
		{1FCC5969-83D6-464E-A621-0122CB4FDEE8}.Release|Any CPU.Build.0 = Release|Any CPU
		{FD127397-8269-4094-8792-54D0E69CC4EB}.Debug|Any CPU.ActiveCfg = Debug|Any CPU
		{FD127397-8269-4094-8792-54D0E69CC4EB}.Debug|Any CPU.Build.0 = Debug|Any CPU
		{FD127397-8269-4094-8792-54D0E69CC4EB}.Release|Any CPU.ActiveCfg = Release|Any CPU
		{FD127397-8269-4094-8792-54D0E69CC4EB}.Release|Any CPU.Build.0 = Release|Any CPU
		{502797E9-BF7D-460F-8467-AE8646E64BBB}.Debug|Any CPU.ActiveCfg = Debug|Any CPU
		{502797E9-BF7D-460F-8467-AE8646E64BBB}.Debug|Any CPU.Build.0 = Debug|Any CPU
		{502797E9-BF7D-460F-8467-AE8646E64BBB}.Release|Any CPU.ActiveCfg = Release|Any CPU
		{502797E9-BF7D-460F-8467-AE8646E64BBB}.Release|Any CPU.Build.0 = Release|Any CPU
		{67BD4E4C-9EB2-49CE-B071-D114CF77253A}.Debug|Any CPU.ActiveCfg = Debug|Any CPU
		{67BD4E4C-9EB2-49CE-B071-D114CF77253A}.Debug|Any CPU.Build.0 = Debug|Any CPU
		{67BD4E4C-9EB2-49CE-B071-D114CF77253A}.Release|Any CPU.ActiveCfg = Release|Any CPU
		{67BD4E4C-9EB2-49CE-B071-D114CF77253A}.Release|Any CPU.Build.0 = Release|Any CPU
		{E8407C33-AED5-44A4-96A5-974E7A954E11}.Debug|Any CPU.ActiveCfg = Debug|Any CPU
		{E8407C33-AED5-44A4-96A5-974E7A954E11}.Debug|Any CPU.Build.0 = Debug|Any CPU
		{E8407C33-AED5-44A4-96A5-974E7A954E11}.Release|Any CPU.ActiveCfg = Release|Any CPU
		{E8407C33-AED5-44A4-96A5-974E7A954E11}.Release|Any CPU.Build.0 = Release|Any CPU
		{DE131C41-0928-41AC-AFC4-72F0BA61E7F8}.Debug|Any CPU.ActiveCfg = Debug|Any CPU
		{DE131C41-0928-41AC-AFC4-72F0BA61E7F8}.Debug|Any CPU.Build.0 = Debug|Any CPU
		{DE131C41-0928-41AC-AFC4-72F0BA61E7F8}.Release|Any CPU.ActiveCfg = Release|Any CPU
		{DE131C41-0928-41AC-AFC4-72F0BA61E7F8}.Release|Any CPU.Build.0 = Release|Any CPU
		{3EC4C5CD-A0E7-4A2A-9EAF-19D9D0739CB2}.Debug|Any CPU.ActiveCfg = Debug|Any CPU
		{3EC4C5CD-A0E7-4A2A-9EAF-19D9D0739CB2}.Debug|Any CPU.Build.0 = Debug|Any CPU
		{3EC4C5CD-A0E7-4A2A-9EAF-19D9D0739CB2}.Release|Any CPU.ActiveCfg = Release|Any CPU
		{3EC4C5CD-A0E7-4A2A-9EAF-19D9D0739CB2}.Release|Any CPU.Build.0 = Release|Any CPU
		{9A60640E-2654-4933-A800-5EC0715D4255}.Debug|Any CPU.ActiveCfg = Debug|Any CPU
		{9A60640E-2654-4933-A800-5EC0715D4255}.Debug|Any CPU.Build.0 = Debug|Any CPU
		{9A60640E-2654-4933-A800-5EC0715D4255}.Release|Any CPU.ActiveCfg = Release|Any CPU
		{9A60640E-2654-4933-A800-5EC0715D4255}.Release|Any CPU.Build.0 = Release|Any CPU
		{52F9F1F5-4FFE-4554-8E67-AF77B499D5AC}.Debug|Any CPU.ActiveCfg = Debug|Any CPU
		{52F9F1F5-4FFE-4554-8E67-AF77B499D5AC}.Debug|Any CPU.Build.0 = Debug|Any CPU
		{52F9F1F5-4FFE-4554-8E67-AF77B499D5AC}.Release|Any CPU.ActiveCfg = Release|Any CPU
		{52F9F1F5-4FFE-4554-8E67-AF77B499D5AC}.Release|Any CPU.Build.0 = Release|Any CPU
		{BD76718C-7B1D-49D9-B62C-7D1BC0F10B51}.Debug|Any CPU.ActiveCfg = Debug|Any CPU
		{BD76718C-7B1D-49D9-B62C-7D1BC0F10B51}.Debug|Any CPU.Build.0 = Debug|Any CPU
		{BD76718C-7B1D-49D9-B62C-7D1BC0F10B51}.Release|Any CPU.ActiveCfg = Release|Any CPU
		{BD76718C-7B1D-49D9-B62C-7D1BC0F10B51}.Release|Any CPU.Build.0 = Release|Any CPU
		{2E9D34F4-7367-4F3D-851B-AE79115DE8AE}.Debug|Any CPU.ActiveCfg = Debug|Any CPU
		{2E9D34F4-7367-4F3D-851B-AE79115DE8AE}.Debug|Any CPU.Build.0 = Debug|Any CPU
		{2E9D34F4-7367-4F3D-851B-AE79115DE8AE}.Release|Any CPU.ActiveCfg = Release|Any CPU
		{2E9D34F4-7367-4F3D-851B-AE79115DE8AE}.Release|Any CPU.Build.0 = Release|Any CPU
		{64CF81A3-8CA4-4E54-99C1-5F3BFF3815CB}.Debug|Any CPU.ActiveCfg = Debug|Any CPU
		{64CF81A3-8CA4-4E54-99C1-5F3BFF3815CB}.Debug|Any CPU.Build.0 = Debug|Any CPU
		{64CF81A3-8CA4-4E54-99C1-5F3BFF3815CB}.Release|Any CPU.ActiveCfg = Release|Any CPU
		{64CF81A3-8CA4-4E54-99C1-5F3BFF3815CB}.Release|Any CPU.Build.0 = Release|Any CPU
		{85681433-FB37-4A95-AC8B-B5B84803BD0E}.Debug|Any CPU.ActiveCfg = Debug|Any CPU
		{85681433-FB37-4A95-AC8B-B5B84803BD0E}.Debug|Any CPU.Build.0 = Debug|Any CPU
		{85681433-FB37-4A95-AC8B-B5B84803BD0E}.Release|Any CPU.ActiveCfg = Release|Any CPU
		{85681433-FB37-4A95-AC8B-B5B84803BD0E}.Release|Any CPU.Build.0 = Release|Any CPU
		{1BAC6FDB-3273-4C6B-9DB2-034D36FC021F}.Debug|Any CPU.ActiveCfg = Debug|Any CPU
		{1BAC6FDB-3273-4C6B-9DB2-034D36FC021F}.Debug|Any CPU.Build.0 = Debug|Any CPU
		{1BAC6FDB-3273-4C6B-9DB2-034D36FC021F}.Release|Any CPU.ActiveCfg = Release|Any CPU
		{1BAC6FDB-3273-4C6B-9DB2-034D36FC021F}.Release|Any CPU.Build.0 = Release|Any CPU
		{2E9E1A0B-2472-4A41-92E5-556D621D07DC}.Debug|Any CPU.ActiveCfg = Debug|Any CPU
		{2E9E1A0B-2472-4A41-92E5-556D621D07DC}.Debug|Any CPU.Build.0 = Debug|Any CPU
		{2E9E1A0B-2472-4A41-92E5-556D621D07DC}.Release|Any CPU.ActiveCfg = Release|Any CPU
		{2E9E1A0B-2472-4A41-92E5-556D621D07DC}.Release|Any CPU.Build.0 = Release|Any CPU
		{03B6B389-CC11-44CC-94CE-6C60EF78C871}.Debug|Any CPU.ActiveCfg = Debug|Any CPU
		{03B6B389-CC11-44CC-94CE-6C60EF78C871}.Debug|Any CPU.Build.0 = Debug|Any CPU
		{03B6B389-CC11-44CC-94CE-6C60EF78C871}.Release|Any CPU.ActiveCfg = Release|Any CPU
		{03B6B389-CC11-44CC-94CE-6C60EF78C871}.Release|Any CPU.Build.0 = Release|Any CPU
		{0282BC08-332E-4EF8-AC9A-B747ABF90E99}.Debug|Any CPU.ActiveCfg = Debug|Any CPU
		{0282BC08-332E-4EF8-AC9A-B747ABF90E99}.Debug|Any CPU.Build.0 = Debug|Any CPU
		{0282BC08-332E-4EF8-AC9A-B747ABF90E99}.Release|Any CPU.ActiveCfg = Release|Any CPU
		{0282BC08-332E-4EF8-AC9A-B747ABF90E99}.Release|Any CPU.Build.0 = Release|Any CPU
		{826A5F4E-63D6-4886-9602-F48515AE23F5}.Debug|Any CPU.ActiveCfg = Debug|Any CPU
		{826A5F4E-63D6-4886-9602-F48515AE23F5}.Debug|Any CPU.Build.0 = Debug|Any CPU
		{826A5F4E-63D6-4886-9602-F48515AE23F5}.Release|Any CPU.ActiveCfg = Release|Any CPU
		{826A5F4E-63D6-4886-9602-F48515AE23F5}.Release|Any CPU.Build.0 = Release|Any CPU
		{EA81E5E9-78B0-41FF-BDCD-1E76897A8EEF}.Debug|Any CPU.ActiveCfg = Debug|Any CPU
		{EA81E5E9-78B0-41FF-BDCD-1E76897A8EEF}.Debug|Any CPU.Build.0 = Debug|Any CPU
		{EA81E5E9-78B0-41FF-BDCD-1E76897A8EEF}.Release|Any CPU.ActiveCfg = Release|Any CPU
		{EA81E5E9-78B0-41FF-BDCD-1E76897A8EEF}.Release|Any CPU.Build.0 = Release|Any CPU
		{D343696F-5426-4BDD-AF33-CCAE726E2610}.Debug|Any CPU.ActiveCfg = Debug|Any CPU
		{D343696F-5426-4BDD-AF33-CCAE726E2610}.Debug|Any CPU.Build.0 = Debug|Any CPU
		{D343696F-5426-4BDD-AF33-CCAE726E2610}.Debug|Any CPU.Deploy.0 = Debug|Any CPU
		{D343696F-5426-4BDD-AF33-CCAE726E2610}.Release|Any CPU.ActiveCfg = Release|Any CPU
		{D343696F-5426-4BDD-AF33-CCAE726E2610}.Release|Any CPU.Build.0 = Release|Any CPU
		{D343696F-5426-4BDD-AF33-CCAE726E2610}.Release|Any CPU.Deploy.0 = Release|Any CPU
		{046DAA14-B710-4120-9FBC-3150B713C8B3}.Debug|Any CPU.ActiveCfg = Debug|Any CPU
		{046DAA14-B710-4120-9FBC-3150B713C8B3}.Debug|Any CPU.Build.0 = Debug|Any CPU
		{046DAA14-B710-4120-9FBC-3150B713C8B3}.Debug|Any CPU.Deploy.0 = Debug|Any CPU
		{046DAA14-B710-4120-9FBC-3150B713C8B3}.Release|Any CPU.ActiveCfg = Release|Any CPU
		{046DAA14-B710-4120-9FBC-3150B713C8B3}.Release|Any CPU.Build.0 = Release|Any CPU
		{046DAA14-B710-4120-9FBC-3150B713C8B3}.Release|Any CPU.Deploy.0 = Release|Any CPU
		{6DCBF099-6573-47DC-A03F-D6B327DD0003}.Debug|Any CPU.ActiveCfg = Debug|Any CPU
		{6DCBF099-6573-47DC-A03F-D6B327DD0003}.Debug|Any CPU.Build.0 = Debug|Any CPU
		{6DCBF099-6573-47DC-A03F-D6B327DD0003}.Debug|Any CPU.Deploy.0 = Debug|Any CPU
		{6DCBF099-6573-47DC-A03F-D6B327DD0003}.Release|Any CPU.ActiveCfg = Release|Any CPU
		{6DCBF099-6573-47DC-A03F-D6B327DD0003}.Release|Any CPU.Build.0 = Release|Any CPU
		{6DCBF099-6573-47DC-A03F-D6B327DD0003}.Release|Any CPU.Deploy.0 = Release|Any CPU
		{2BCE1E22-200A-41A6-8BC7-D839BCC88A81}.Debug|Any CPU.ActiveCfg = Debug|Any CPU
		{2BCE1E22-200A-41A6-8BC7-D839BCC88A81}.Debug|Any CPU.Build.0 = Debug|Any CPU
		{2BCE1E22-200A-41A6-8BC7-D839BCC88A81}.Debug|Any CPU.Deploy.0 = Debug|Any CPU
		{2BCE1E22-200A-41A6-8BC7-D839BCC88A81}.Release|Any CPU.ActiveCfg = Release|Any CPU
		{2BCE1E22-200A-41A6-8BC7-D839BCC88A81}.Release|Any CPU.Build.0 = Release|Any CPU
		{2BCE1E22-200A-41A6-8BC7-D839BCC88A81}.Release|Any CPU.Deploy.0 = Release|Any CPU
		{858C6C02-DD13-4150-8682-2FB2068A6EDE}.Debug|Any CPU.ActiveCfg = Debug|Any CPU
		{858C6C02-DD13-4150-8682-2FB2068A6EDE}.Debug|Any CPU.Build.0 = Debug|Any CPU
		{858C6C02-DD13-4150-8682-2FB2068A6EDE}.Debug|Any CPU.Deploy.0 = Debug|Any CPU
		{858C6C02-DD13-4150-8682-2FB2068A6EDE}.Release|Any CPU.ActiveCfg = Release|Any CPU
		{858C6C02-DD13-4150-8682-2FB2068A6EDE}.Release|Any CPU.Build.0 = Release|Any CPU
		{858C6C02-DD13-4150-8682-2FB2068A6EDE}.Release|Any CPU.Deploy.0 = Release|Any CPU
		{655C96AB-1006-4F8E-B4DD-57F28FC7004C}.Debug|Any CPU.ActiveCfg = Debug|Any CPU
		{655C96AB-1006-4F8E-B4DD-57F28FC7004C}.Debug|Any CPU.Build.0 = Debug|Any CPU
		{655C96AB-1006-4F8E-B4DD-57F28FC7004C}.Debug|Any CPU.Deploy.0 = Debug|Any CPU
		{655C96AB-1006-4F8E-B4DD-57F28FC7004C}.Release|Any CPU.ActiveCfg = Release|Any CPU
		{655C96AB-1006-4F8E-B4DD-57F28FC7004C}.Release|Any CPU.Build.0 = Release|Any CPU
		{655C96AB-1006-4F8E-B4DD-57F28FC7004C}.Release|Any CPU.Deploy.0 = Release|Any CPU
		{C9427199-AC09-4A65-987B-CC58537D7B3A}.Debug|Any CPU.ActiveCfg = Debug|Any CPU
		{C9427199-AC09-4A65-987B-CC58537D7B3A}.Debug|Any CPU.Build.0 = Debug|Any CPU
		{C9427199-AC09-4A65-987B-CC58537D7B3A}.Debug|Any CPU.Deploy.0 = Debug|Any CPU
		{C9427199-AC09-4A65-987B-CC58537D7B3A}.Release|Any CPU.ActiveCfg = Release|Any CPU
		{C9427199-AC09-4A65-987B-CC58537D7B3A}.Release|Any CPU.Build.0 = Release|Any CPU
		{C9427199-AC09-4A65-987B-CC58537D7B3A}.Release|Any CPU.Deploy.0 = Release|Any CPU
		{6690CA85-DBC9-4210-9D2D-0B2EA8CAA27A}.Debug|Any CPU.ActiveCfg = Debug|Any CPU
		{6690CA85-DBC9-4210-9D2D-0B2EA8CAA27A}.Debug|Any CPU.Build.0 = Debug|Any CPU
		{6690CA85-DBC9-4210-9D2D-0B2EA8CAA27A}.Debug|Any CPU.Deploy.0 = Debug|Any CPU
		{6690CA85-DBC9-4210-9D2D-0B2EA8CAA27A}.Release|Any CPU.ActiveCfg = Release|Any CPU
		{6690CA85-DBC9-4210-9D2D-0B2EA8CAA27A}.Release|Any CPU.Build.0 = Release|Any CPU
		{6690CA85-DBC9-4210-9D2D-0B2EA8CAA27A}.Release|Any CPU.Deploy.0 = Release|Any CPU
		{37D3F336-0FC8-41CA-BA57-976AC26A7588}.Debug|Any CPU.ActiveCfg = Debug|Any CPU
		{37D3F336-0FC8-41CA-BA57-976AC26A7588}.Debug|Any CPU.Build.0 = Debug|Any CPU
		{37D3F336-0FC8-41CA-BA57-976AC26A7588}.Debug|Any CPU.Deploy.0 = Debug|Any CPU
		{37D3F336-0FC8-41CA-BA57-976AC26A7588}.Release|Any CPU.ActiveCfg = Release|Any CPU
		{37D3F336-0FC8-41CA-BA57-976AC26A7588}.Release|Any CPU.Build.0 = Release|Any CPU
		{37D3F336-0FC8-41CA-BA57-976AC26A7588}.Release|Any CPU.Deploy.0 = Release|Any CPU
		{09CB4F67-BEF3-4826-B74F-2112D84636F4}.Debug|Any CPU.ActiveCfg = Debug|Any CPU
		{09CB4F67-BEF3-4826-B74F-2112D84636F4}.Debug|Any CPU.Build.0 = Debug|Any CPU
		{09CB4F67-BEF3-4826-B74F-2112D84636F4}.Debug|Any CPU.Deploy.0 = Debug|Any CPU
		{09CB4F67-BEF3-4826-B74F-2112D84636F4}.Release|Any CPU.ActiveCfg = Release|Any CPU
		{09CB4F67-BEF3-4826-B74F-2112D84636F4}.Release|Any CPU.Build.0 = Release|Any CPU
		{09CB4F67-BEF3-4826-B74F-2112D84636F4}.Release|Any CPU.Deploy.0 = Release|Any CPU
		{5C76EDF1-45CA-4791-833D-4C52CB609FAC}.Debug|Any CPU.ActiveCfg = Debug|Any CPU
		{5C76EDF1-45CA-4791-833D-4C52CB609FAC}.Debug|Any CPU.Build.0 = Debug|Any CPU
		{5C76EDF1-45CA-4791-833D-4C52CB609FAC}.Debug|Any CPU.Deploy.0 = Debug|Any CPU
		{5C76EDF1-45CA-4791-833D-4C52CB609FAC}.Release|Any CPU.ActiveCfg = Release|Any CPU
		{5C76EDF1-45CA-4791-833D-4C52CB609FAC}.Release|Any CPU.Build.0 = Release|Any CPU
		{5C76EDF1-45CA-4791-833D-4C52CB609FAC}.Release|Any CPU.Deploy.0 = Release|Any CPU
		{DB7F472B-A997-4873-A44D-81C06FDE26BE}.Debug|Any CPU.ActiveCfg = Debug|Any CPU
		{DB7F472B-A997-4873-A44D-81C06FDE26BE}.Debug|Any CPU.Build.0 = Debug|Any CPU
		{DB7F472B-A997-4873-A44D-81C06FDE26BE}.Debug|Any CPU.Deploy.0 = Debug|Any CPU
		{DB7F472B-A997-4873-A44D-81C06FDE26BE}.Release|Any CPU.ActiveCfg = Release|Any CPU
		{DB7F472B-A997-4873-A44D-81C06FDE26BE}.Release|Any CPU.Build.0 = Release|Any CPU
		{DB7F472B-A997-4873-A44D-81C06FDE26BE}.Release|Any CPU.Deploy.0 = Release|Any CPU
		{F00D3CE4-803C-47E2-A34A-CB02AEF06454}.Debug|Any CPU.ActiveCfg = Debug|Any CPU
		{F00D3CE4-803C-47E2-A34A-CB02AEF06454}.Debug|Any CPU.Build.0 = Debug|Any CPU
		{F00D3CE4-803C-47E2-A34A-CB02AEF06454}.Debug|Any CPU.Deploy.0 = Debug|Any CPU
		{F00D3CE4-803C-47E2-A34A-CB02AEF06454}.Release|Any CPU.ActiveCfg = Release|Any CPU
		{F00D3CE4-803C-47E2-A34A-CB02AEF06454}.Release|Any CPU.Build.0 = Release|Any CPU
		{F00D3CE4-803C-47E2-A34A-CB02AEF06454}.Release|Any CPU.Deploy.0 = Release|Any CPU
		{95117C8F-3EF0-4ADE-95C9-2493ED7802B7}.Debug|Any CPU.ActiveCfg = Debug|Any CPU
		{95117C8F-3EF0-4ADE-95C9-2493ED7802B7}.Debug|Any CPU.Build.0 = Debug|Any CPU
		{95117C8F-3EF0-4ADE-95C9-2493ED7802B7}.Debug|Any CPU.Deploy.0 = Debug|Any CPU
		{95117C8F-3EF0-4ADE-95C9-2493ED7802B7}.Release|Any CPU.ActiveCfg = Release|Any CPU
		{95117C8F-3EF0-4ADE-95C9-2493ED7802B7}.Release|Any CPU.Build.0 = Release|Any CPU
		{95117C8F-3EF0-4ADE-95C9-2493ED7802B7}.Release|Any CPU.Deploy.0 = Release|Any CPU
		{AE2672BE-20B0-494C-BE72-81B79A02774E}.Debug|Any CPU.ActiveCfg = Debug|Any CPU
		{AE2672BE-20B0-494C-BE72-81B79A02774E}.Debug|Any CPU.Build.0 = Debug|Any CPU
		{AE2672BE-20B0-494C-BE72-81B79A02774E}.Debug|Any CPU.Deploy.0 = Debug|Any CPU
		{AE2672BE-20B0-494C-BE72-81B79A02774E}.Release|Any CPU.ActiveCfg = Release|Any CPU
		{AE2672BE-20B0-494C-BE72-81B79A02774E}.Release|Any CPU.Build.0 = Release|Any CPU
		{AE2672BE-20B0-494C-BE72-81B79A02774E}.Release|Any CPU.Deploy.0 = Release|Any CPU
		{08FC5DC4-C3C1-4661-BF66-DCA791CB0101}.Debug|Any CPU.ActiveCfg = Debug|Any CPU
		{08FC5DC4-C3C1-4661-BF66-DCA791CB0101}.Debug|Any CPU.Build.0 = Debug|Any CPU
		{08FC5DC4-C3C1-4661-BF66-DCA791CB0101}.Release|Any CPU.ActiveCfg = Release|Any CPU
		{08FC5DC4-C3C1-4661-BF66-DCA791CB0101}.Release|Any CPU.Build.0 = Release|Any CPU
		{4DCEC7AD-4317-4CB5-84C0-38675E2C13EB}.Debug|Any CPU.ActiveCfg = Debug|Any CPU
		{4DCEC7AD-4317-4CB5-84C0-38675E2C13EB}.Debug|Any CPU.Build.0 = Debug|Any CPU
		{4DCEC7AD-4317-4CB5-84C0-38675E2C13EB}.Debug|Any CPU.Deploy.0 = Debug|Any CPU
		{4DCEC7AD-4317-4CB5-84C0-38675E2C13EB}.Release|Any CPU.ActiveCfg = Release|Any CPU
		{4DCEC7AD-4317-4CB5-84C0-38675E2C13EB}.Release|Any CPU.Build.0 = Release|Any CPU
		{4DCEC7AD-4317-4CB5-84C0-38675E2C13EB}.Release|Any CPU.Deploy.0 = Release|Any CPU
		{0FD2CD47-8D3C-463D-B215-67A89ED789A8}.Debug|Any CPU.ActiveCfg = Debug|Any CPU
		{0FD2CD47-8D3C-463D-B215-67A89ED789A8}.Debug|Any CPU.Build.0 = Debug|Any CPU
		{0FD2CD47-8D3C-463D-B215-67A89ED789A8}.Debug|Any CPU.Deploy.0 = Debug|Any CPU
		{0FD2CD47-8D3C-463D-B215-67A89ED789A8}.Release|Any CPU.ActiveCfg = Release|Any CPU
		{0FD2CD47-8D3C-463D-B215-67A89ED789A8}.Release|Any CPU.Build.0 = Release|Any CPU
		{0FD2CD47-8D3C-463D-B215-67A89ED789A8}.Release|Any CPU.Deploy.0 = Release|Any CPU
		{7CC98421-3EBD-4D9C-88D3-93E04B1C5163}.Debug|Any CPU.ActiveCfg = Debug|Any CPU
		{7CC98421-3EBD-4D9C-88D3-93E04B1C5163}.Debug|Any CPU.Build.0 = Debug|Any CPU
		{7CC98421-3EBD-4D9C-88D3-93E04B1C5163}.Debug|Any CPU.Deploy.0 = Debug|Any CPU
		{7CC98421-3EBD-4D9C-88D3-93E04B1C5163}.Release|Any CPU.ActiveCfg = Release|Any CPU
		{7CC98421-3EBD-4D9C-88D3-93E04B1C5163}.Release|Any CPU.Build.0 = Release|Any CPU
		{7CC98421-3EBD-4D9C-88D3-93E04B1C5163}.Release|Any CPU.Deploy.0 = Release|Any CPU
		{BF259B2E-7553-4C49-93F1-3718FEBE6395}.Debug|Any CPU.ActiveCfg = Debug|Any CPU
		{BF259B2E-7553-4C49-93F1-3718FEBE6395}.Debug|Any CPU.Build.0 = Debug|Any CPU
		{BF259B2E-7553-4C49-93F1-3718FEBE6395}.Debug|Any CPU.Deploy.0 = Debug|Any CPU
		{BF259B2E-7553-4C49-93F1-3718FEBE6395}.Release|Any CPU.ActiveCfg = Release|Any CPU
		{BF259B2E-7553-4C49-93F1-3718FEBE6395}.Release|Any CPU.Build.0 = Release|Any CPU
		{BF259B2E-7553-4C49-93F1-3718FEBE6395}.Release|Any CPU.Deploy.0 = Release|Any CPU
	EndGlobalSection
	GlobalSection(SolutionProperties) = preSolution
		HideSolutionNode = FALSE
	EndGlobalSection
	GlobalSection(NestedProjects) = preSolution
		{029A1DE8-CE15-4B04-81DC-3470156D0340} = {234C2A00-F5E8-4E3D-899F-7EC3470B03E0}
		{71571663-A35C-403A-9511-F36FAE91694B} = {234C2A00-F5E8-4E3D-899F-7EC3470B03E0}
		{3173C381-839B-4458-A2E9-D2EF326ACF2D} = {234C2A00-F5E8-4E3D-899F-7EC3470B03E0}
		{FC0409C2-669C-4AEE-A3E5-F9223683B5EE} = {234C2A00-F5E8-4E3D-899F-7EC3470B03E0}
		{95314D29-B049-41B2-9392-046C7BA087F2} = {234C2A00-F5E8-4E3D-899F-7EC3470B03E0}
		{3E0A6B57-8D6B-4F37-9EB0-69B07703D0EA} = {234C2A00-F5E8-4E3D-899F-7EC3470B03E0}
		{2C3575DB-7780-4CF5-85DF-5CE97FC31A9F} = {234C2A00-F5E8-4E3D-899F-7EC3470B03E0}
		{17D6B681-F2AB-4420-A02F-6B3EEC264175} = {234C2A00-F5E8-4E3D-899F-7EC3470B03E0}
		{1FCC5969-83D6-464E-A621-0122CB4FDEE8} = {234C2A00-F5E8-4E3D-899F-7EC3470B03E0}
		{FD127397-8269-4094-8792-54D0E69CC4EB} = {8D279C3D-43E8-4823-9D33-682231D1A48D}
		{502797E9-BF7D-460F-8467-AE8646E64BBB} = {8D279C3D-43E8-4823-9D33-682231D1A48D}
		{67BD4E4C-9EB2-49CE-B071-D114CF77253A} = {8D279C3D-43E8-4823-9D33-682231D1A48D}
		{470D41EF-4884-4D8A-9E38-C5FC727023D0} = {0BE529A3-6BDD-42AA-8516-144CAFE1AC4E}
		{93EA3696-15A6-4F2C-AE64-295A651B534E} = {0BE529A3-6BDD-42AA-8516-144CAFE1AC4E}
		{E8407C33-AED5-44A4-96A5-974E7A954E11} = {470D41EF-4884-4D8A-9E38-C5FC727023D0}
		{DE131C41-0928-41AC-AFC4-72F0BA61E7F8} = {78162874-E723-4C4D-82EF-0FE2257B03D1}
		{3EC4C5CD-A0E7-4A2A-9EAF-19D9D0739CB2} = {470D41EF-4884-4D8A-9E38-C5FC727023D0}
		{9A60640E-2654-4933-A800-5EC0715D4255} = {234C2A00-F5E8-4E3D-899F-7EC3470B03E0}
		{52F9F1F5-4FFE-4554-8E67-AF77B499D5AC} = {8D279C3D-43E8-4823-9D33-682231D1A48D}
		{BD76718C-7B1D-49D9-B62C-7D1BC0F10B51} = {DD274BA7-34B7-40E2-B650-4CA6245CCBCA}
		{2E9D34F4-7367-4F3D-851B-AE79115DE8AE} = {DD274BA7-34B7-40E2-B650-4CA6245CCBCA}
		{64CF81A3-8CA4-4E54-99C1-5F3BFF3815CB} = {8D279C3D-43E8-4823-9D33-682231D1A48D}
		{85681433-FB37-4A95-AC8B-B5B84803BD0E} = {8D279C3D-43E8-4823-9D33-682231D1A48D}
		{1BAC6FDB-3273-4C6B-9DB2-034D36FC021F} = {4E2D7F5C-9AF1-452A-A415-2967E5433843}
		{2E9E1A0B-2472-4A41-92E5-556D621D07DC} = {8D279C3D-43E8-4823-9D33-682231D1A48D}
		{03B6B389-CC11-44CC-94CE-6C60EF78C871} = {8D279C3D-43E8-4823-9D33-682231D1A48D}
		{0282BC08-332E-4EF8-AC9A-B747ABF90E99} = {8D279C3D-43E8-4823-9D33-682231D1A48D}
		{826A5F4E-63D6-4886-9602-F48515AE23F5} = {234C2A00-F5E8-4E3D-899F-7EC3470B03E0}
		{EA81E5E9-78B0-41FF-BDCD-1E76897A8EEF} = {8D279C3D-43E8-4823-9D33-682231D1A48D}
		{D343696F-5426-4BDD-AF33-CCAE726E2610} = {234C2A00-F5E8-4E3D-899F-7EC3470B03E0}
		{046DAA14-B710-4120-9FBC-3150B713C8B3} = {8D279C3D-43E8-4823-9D33-682231D1A48D}
		{6DCBF099-6573-47DC-A03F-D6B327DD0003} = {8D279C3D-43E8-4823-9D33-682231D1A48D}
		{2BCE1E22-200A-41A6-8BC7-D839BCC88A81} = {1DEF3B3A-E090-4FAE-8BD0-BC7BF9061A59}
		{858C6C02-DD13-4150-8682-2FB2068A6EDE} = {1DEF3B3A-E090-4FAE-8BD0-BC7BF9061A59}
		{655C96AB-1006-4F8E-B4DD-57F28FC7004C} = {DD274BA7-34B7-40E2-B650-4CA6245CCBCA}
		{C9427199-AC09-4A65-987B-CC58537D7B3A} = {8D279C3D-43E8-4823-9D33-682231D1A48D}
		{6690CA85-DBC9-4210-9D2D-0B2EA8CAA27A} = {1DEF3B3A-E090-4FAE-8BD0-BC7BF9061A59}
		{37D3F336-0FC8-41CA-BA57-976AC26A7588} = {93EA3696-15A6-4F2C-AE64-295A651B534E}
		{09CB4F67-BEF3-4826-B74F-2112D84636F4} = {8D279C3D-43E8-4823-9D33-682231D1A48D}
		{5C76EDF1-45CA-4791-833D-4C52CB609FAC} = {8D279C3D-43E8-4823-9D33-682231D1A48D}
		{DB7F472B-A997-4873-A44D-81C06FDE26BE} = {8D279C3D-43E8-4823-9D33-682231D1A48D}
		{F00D3CE4-803C-47E2-A34A-CB02AEF06454} = {8D279C3D-43E8-4823-9D33-682231D1A48D}
		{95117C8F-3EF0-4ADE-95C9-2493ED7802B7} = {1A8C277C-CD42-4C96-A372-582053CA8A4F}
		{AE2672BE-20B0-494C-BE72-81B79A02774E} = {234C2A00-F5E8-4E3D-899F-7EC3470B03E0}
		{08FC5DC4-C3C1-4661-BF66-DCA791CB0101} = {DD274BA7-34B7-40E2-B650-4CA6245CCBCA}
		{4DCEC7AD-4317-4CB5-84C0-38675E2C13EB} = {234C2A00-F5E8-4E3D-899F-7EC3470B03E0}
		{0FD2CD47-8D3C-463D-B215-67A89ED789A8} = {234C2A00-F5E8-4E3D-899F-7EC3470B03E0}
		{7CC98421-3EBD-4D9C-88D3-93E04B1C5163} = {8D279C3D-43E8-4823-9D33-682231D1A48D}
		{BF259B2E-7553-4C49-93F1-3718FEBE6395} = {DD274BA7-34B7-40E2-B650-4CA6245CCBCA}
	EndGlobalSection
	GlobalSection(ExtensibilityGlobals) = postSolution
		SolutionGuid = {B3E6AE55-DFFB-4B7B-8143-96D0D1AA8CD9}
	EndGlobalSection
EndGlobal
